
Microsoft Visual Studio Solution File, Format Version 12.00
# Visual Studio Version 16
VisualStudioVersion = 16.0.29201.188
MinimumVisualStudioVersion = 10.0.40219.1
Project("{9A19103F-16F7-4668-BE54-9A1E7A4F7556}") = "AdaptiveBlocks.Authoring", "AdaptiveBlocks\AdaptiveBlocks.Authoring\AdaptiveBlocks.Authoring.csproj", "{21344809-E5ED-4298-8276-CEF6EB28AE2A}"
EndProject
Project("{9A19103F-16F7-4668-BE54-9A1E7A4F7556}") = "AdaptiveBlocks.Transformers", "AdaptiveBlocks\AdaptiveBlocks.Transformers\AdaptiveBlocks.Transformers.csproj", "{459391F6-5311-4589-8051-3AC1DCCE2C05}"
EndProject
Project("{9A19103F-16F7-4668-BE54-9A1E7A4F7556}") = "AdaptiveBlocks.Transformers.ToastContent", "AdaptiveBlocks\AdaptiveBlocks.Transformers.ToastContent\AdaptiveBlocks.Transformers.ToastContent.csproj", "{A2599063-4AC4-4CDE-B5BC-924605FEBDEA}"
EndProject
Project("{9A19103F-16F7-4668-BE54-9A1E7A4F7556}") = "AdaptiveBlocks.Transformers.WebNotification", "AdaptiveBlocks\AdaptiveBlocks.Transformers.WebNotification\AdaptiveBlocks.Transformers.WebNotification.csproj", "{AE9890AB-A232-4173-81CC-DA560BA05F6F}"
EndProject
Project("{9A19103F-16F7-4668-BE54-9A1E7A4F7556}") = "InteractiveNotifs.Api", "InteractiveNotifs.Api\InteractiveNotifs.Api.csproj", "{8991603C-522E-4C9A-9986-A94A7BC946A2}"
EndProject
Project("{9A19103F-16F7-4668-BE54-9A1E7A4F7556}") = "InteractiveNotifs.Hub", "InteractiveNotifs.Hub\InteractiveNotifs.Hub.csproj", "{BFC7E015-85B9-4A10-A893-0454639A2A48}"
EndProject
Global
	GlobalSection(SolutionConfigurationPlatforms) = preSolution
		Debug|Any CPU = Debug|Any CPU
		Release|Any CPU = Release|Any CPU
	EndGlobalSection
	GlobalSection(ProjectConfigurationPlatforms) = postSolution
		{21344809-E5ED-4298-8276-CEF6EB28AE2A}.Debug|Any CPU.ActiveCfg = Debug|Any CPU
		{21344809-E5ED-4298-8276-CEF6EB28AE2A}.Debug|Any CPU.Build.0 = Debug|Any CPU
		{21344809-E5ED-4298-8276-CEF6EB28AE2A}.Release|Any CPU.ActiveCfg = Release|Any CPU
		{21344809-E5ED-4298-8276-CEF6EB28AE2A}.Release|Any CPU.Build.0 = Release|Any CPU
		{459391F6-5311-4589-8051-3AC1DCCE2C05}.Debug|Any CPU.ActiveCfg = Debug|Any CPU
		{459391F6-5311-4589-8051-3AC1DCCE2C05}.Debug|Any CPU.Build.0 = Debug|Any CPU
		{459391F6-5311-4589-8051-3AC1DCCE2C05}.Release|Any CPU.ActiveCfg = Release|Any CPU
		{459391F6-5311-4589-8051-3AC1DCCE2C05}.Release|Any CPU.Build.0 = Release|Any CPU
		{A2599063-4AC4-4CDE-B5BC-924605FEBDEA}.Debug|Any CPU.ActiveCfg = Debug|Any CPU
		{A2599063-4AC4-4CDE-B5BC-924605FEBDEA}.Debug|Any CPU.Build.0 = Debug|Any CPU
		{A2599063-4AC4-4CDE-B5BC-924605FEBDEA}.Release|Any CPU.ActiveCfg = Release|Any CPU
		{A2599063-4AC4-4CDE-B5BC-924605FEBDEA}.Release|Any CPU.Build.0 = Release|Any CPU
		{AE9890AB-A232-4173-81CC-DA560BA05F6F}.Debug|Any CPU.ActiveCfg = Debug|Any CPU
		{AE9890AB-A232-4173-81CC-DA560BA05F6F}.Debug|Any CPU.Build.0 = Debug|Any CPU
		{AE9890AB-A232-4173-81CC-DA560BA05F6F}.Release|Any CPU.ActiveCfg = Release|Any CPU
		{AE9890AB-A232-4173-81CC-DA560BA05F6F}.Release|Any CPU.Build.0 = Release|Any CPU
		{8991603C-522E-4C9A-9986-A94A7BC946A2}.Debug|Any CPU.ActiveCfg = Debug|Any CPU
		{8991603C-522E-4C9A-9986-A94A7BC946A2}.Debug|Any CPU.Build.0 = Debug|Any CPU
		{8991603C-522E-4C9A-9986-A94A7BC946A2}.Release|Any CPU.ActiveCfg = Release|Any CPU
		{8991603C-522E-4C9A-9986-A94A7BC946A2}.Release|Any CPU.Build.0 = Release|Any CPU
		{BFC7E015-85B9-4A10-A893-0454639A2A48}.Debug|Any CPU.ActiveCfg = Debug|Any CPU
		{BFC7E015-85B9-4A10-A893-0454639A2A48}.Debug|Any CPU.Build.0 = Debug|Any CPU
		{BFC7E015-85B9-4A10-A893-0454639A2A48}.Release|Any CPU.ActiveCfg = Release|Any CPU
		{BFC7E015-85B9-4A10-A893-0454639A2A48}.Release|Any CPU.Build.0 = Release|Any CPU
	EndGlobalSection
	GlobalSection(SolutionProperties) = preSolution
		HideSolutionNode = FALSE
	EndGlobalSection
	GlobalSection(ExtensibilityGlobals) = postSolution
		SolutionGuid = {6502E555-F82B-4A68-9EAB-93993DFC44BD}
	EndGlobalSection
EndGlobal
