
Microsoft Visual Studio Solution File, Format Version 12.00
# Visual Studio Version 16
VisualStudioVersion = 16.0.29102.190
MinimumVisualStudioVersion = 10.0.40219.1
Project("{FAE04EC0-301F-11D3-BF4B-00C04F79EFBC}") = "InteractiveNotifs.Apps.Android", "InteractiveNotifs.Apps.Android\InteractiveNotifs.Apps.Android.csproj", "{6CCE69CE-9CD6-4C7E-8F44-F1C2A15A8154}"
EndProject
Project("{FAE04EC0-301F-11D3-BF4B-00C04F79EFBC}") = "InteractiveNotifs.Apps.iOS", "InteractiveNotifs.Apps.iOS\InteractiveNotifs.Apps.iOS.csproj", "{8AEF1B4B-BE89-4A16-9FB8-E4ACD8CEFF5B}"
EndProject
Project("{9A19103F-16F7-4668-BE54-9A1E7A4F7556}") = "InteractiveNotifs.Apps.MobileAppService", "InteractiveNotifs.Apps.MobileAppService\InteractiveNotifs.Apps.MobileAppService.csproj", "{19EDB91D-B64A-41EF-9E2B-567986AF9B79}"
EndProject
Project("{9A19103F-16F7-4668-BE54-9A1E7A4F7556}") = "InteractiveNotifs.Apps", "InteractiveNotifs.Apps\InteractiveNotifs.Apps.csproj", "{9C67014C-0170-4B66-A2DE-BEB3E53102CE}"
EndProject
Project("{FAE04EC0-301F-11D3-BF4B-00C04F79EFBC}") = "InteractiveNotifs.Apps.Uwp", "InteractiveNotifs.Apps.Uwp\InteractiveNotifs.Apps.Uwp.csproj", "{28EA3801-3F57-4C7D-B332-85CEFF980A57}"
EndProject
Project("{9A19103F-16F7-4668-BE54-9A1E7A4F7556}") = "InteractiveNotifs.Hub", "InteractiveNotifs.Hub\InteractiveNotifs.Hub.csproj", "{EF9D342E-3842-461D-A1C7-D0E9233B59CB}"
EndProject
Project("{9A19103F-16F7-4668-BE54-9A1E7A4F7556}") = "InteractiveNotifs.Api", "InteractiveNotifs.Api\InteractiveNotifs.Api.csproj", "{01800CD0-31C8-42A4-9D6A-76F07259706F}"
EndProject
Project("{9A19103F-16F7-4668-BE54-9A1E7A4F7556}") = "InteractiveNotifs.HubClient", "InteractiveNotifs.HubClient\InteractiveNotifs.HubClient.csproj", "{A9DBB496-95EB-4123-A071-E5319FEC49B8}"
EndProject
Project("{FAE04EC0-301F-11D3-BF4B-00C04F79EFBC}") = "InteractiveNotifs.AppClient.Android", "InteractiveNotifs.AppClient.Android\InteractiveNotifs.AppClient.Android.csproj", "{0A500706-8DC3-41DC-8694-64CBF4EA28B9}"
EndProject
Project("{9A19103F-16F7-4668-BE54-9A1E7A4F7556}") = "AdaptiveBlocks.Authoring", "AdaptiveBlocks\AdaptiveBlocks.Authoring\AdaptiveBlocks.Authoring.csproj", "{A041FED1-9FEB-46DA-A307-DCEC349D23BE}"
EndProject
Project("{FAE04EC0-301F-11D3-BF4B-00C04F79EFBC}") = "InteractiveNotifs.AppClient.Uwp", "InteractiveNotifs.AppClient.Uwp\InteractiveNotifs.AppClient.Uwp.csproj", "{F82BE2CF-9981-4C49-8F06-57409A5EF5EB}"
EndProject
Project("{9A19103F-16F7-4668-BE54-9A1E7A4F7556}") = "AdaptiveBlocks.Transformers", "AdaptiveBlocks\AdaptiveBlocks.Transformers\AdaptiveBlocks.Transformers.csproj", "{CB0A3CF6-6C2A-4EDE-BB1F-60E6AEE7ADFD}"
EndProject
Project("{9A19103F-16F7-4668-BE54-9A1E7A4F7556}") = "AdaptiveBlocks.Transformers.ToastContent", "AdaptiveBlocks\AdaptiveBlocks.Transformers.ToastContent\AdaptiveBlocks.Transformers.ToastContent.csproj", "{02BBEBE8-F1F9-452D-9F12-0A109274C1C4}"
EndProject
Project("{9A19103F-16F7-4668-BE54-9A1E7A4F7556}") = "InteractiveNotifs.HubBlazorApp", "InteractiveNotifs.HubBlazorApp\InteractiveNotifs.HubBlazorApp.csproj", "{47265FCA-EF92-4E06-B852-9F81184B1D09}"
EndProject
Global
	GlobalSection(SharedMSBuildProjectFiles) = preSolution
		InteractiveNotifs.HubApp\InteractiveNotifs.HubApp.Shared\InteractiveNotifs.HubApp.Shared.projitems*{6279c845-92f8-4333-ab99-3d213163593c}*SharedItemsImports = 13
		InteractiveNotifs.HubApp\InteractiveNotifs.HubApp.Shared\InteractiveNotifs.HubApp.Shared.projitems*{e8aeb106-b1d6-4bd2-927b-d59c8e1622e6}*SharedItemsImports = 4
	EndGlobalSection
	GlobalSection(SolutionConfigurationPlatforms) = preSolution
		Ad-Hoc|Any CPU = Ad-Hoc|Any CPU
		Ad-Hoc|ARM = Ad-Hoc|ARM
		Ad-Hoc|ARM64 = Ad-Hoc|ARM64
		Ad-Hoc|iPhone = Ad-Hoc|iPhone
		Ad-Hoc|iPhoneSimulator = Ad-Hoc|iPhoneSimulator
		Ad-Hoc|x64 = Ad-Hoc|x64
		Ad-Hoc|x86 = Ad-Hoc|x86
		AppStore|Any CPU = AppStore|Any CPU
		AppStore|ARM = AppStore|ARM
		AppStore|ARM64 = AppStore|ARM64
		AppStore|iPhone = AppStore|iPhone
		AppStore|iPhoneSimulator = AppStore|iPhoneSimulator
		AppStore|x64 = AppStore|x64
		AppStore|x86 = AppStore|x86
		Debug|Any CPU = Debug|Any CPU
		Debug|ARM = Debug|ARM
		Debug|ARM64 = Debug|ARM64
		Debug|iPhone = Debug|iPhone
		Debug|iPhoneSimulator = Debug|iPhoneSimulator
		Debug|x64 = Debug|x64
		Debug|x86 = Debug|x86
		Release|Any CPU = Release|Any CPU
		Release|ARM = Release|ARM
		Release|ARM64 = Release|ARM64
		Release|iPhone = Release|iPhone
		Release|iPhoneSimulator = Release|iPhoneSimulator
		Release|x64 = Release|x64
		Release|x86 = Release|x86
	EndGlobalSection
	GlobalSection(ProjectConfigurationPlatforms) = postSolution
		{6CCE69CE-9CD6-4C7E-8F44-F1C2A15A8154}.Ad-Hoc|Any CPU.ActiveCfg = Release|Any CPU
		{6CCE69CE-9CD6-4C7E-8F44-F1C2A15A8154}.Ad-Hoc|Any CPU.Build.0 = Release|Any CPU
		{6CCE69CE-9CD6-4C7E-8F44-F1C2A15A8154}.Ad-Hoc|Any CPU.Deploy.0 = Release|Any CPU
		{6CCE69CE-9CD6-4C7E-8F44-F1C2A15A8154}.Ad-Hoc|ARM.ActiveCfg = Release|Any CPU
		{6CCE69CE-9CD6-4C7E-8F44-F1C2A15A8154}.Ad-Hoc|ARM.Build.0 = Release|Any CPU
		{6CCE69CE-9CD6-4C7E-8F44-F1C2A15A8154}.Ad-Hoc|ARM.Deploy.0 = Release|Any CPU
		{6CCE69CE-9CD6-4C7E-8F44-F1C2A15A8154}.Ad-Hoc|ARM64.ActiveCfg = Release|Any CPU
		{6CCE69CE-9CD6-4C7E-8F44-F1C2A15A8154}.Ad-Hoc|ARM64.Build.0 = Release|Any CPU
		{6CCE69CE-9CD6-4C7E-8F44-F1C2A15A8154}.Ad-Hoc|ARM64.Deploy.0 = Release|Any CPU
		{6CCE69CE-9CD6-4C7E-8F44-F1C2A15A8154}.Ad-Hoc|iPhone.ActiveCfg = Release|Any CPU
		{6CCE69CE-9CD6-4C7E-8F44-F1C2A15A8154}.Ad-Hoc|iPhone.Build.0 = Release|Any CPU
		{6CCE69CE-9CD6-4C7E-8F44-F1C2A15A8154}.Ad-Hoc|iPhone.Deploy.0 = Release|Any CPU
		{6CCE69CE-9CD6-4C7E-8F44-F1C2A15A8154}.Ad-Hoc|iPhoneSimulator.ActiveCfg = Release|Any CPU
		{6CCE69CE-9CD6-4C7E-8F44-F1C2A15A8154}.Ad-Hoc|iPhoneSimulator.Build.0 = Release|Any CPU
		{6CCE69CE-9CD6-4C7E-8F44-F1C2A15A8154}.Ad-Hoc|iPhoneSimulator.Deploy.0 = Release|Any CPU
		{6CCE69CE-9CD6-4C7E-8F44-F1C2A15A8154}.Ad-Hoc|x64.ActiveCfg = Release|Any CPU
		{6CCE69CE-9CD6-4C7E-8F44-F1C2A15A8154}.Ad-Hoc|x64.Build.0 = Release|Any CPU
		{6CCE69CE-9CD6-4C7E-8F44-F1C2A15A8154}.Ad-Hoc|x64.Deploy.0 = Release|Any CPU
		{6CCE69CE-9CD6-4C7E-8F44-F1C2A15A8154}.Ad-Hoc|x86.ActiveCfg = Release|Any CPU
		{6CCE69CE-9CD6-4C7E-8F44-F1C2A15A8154}.Ad-Hoc|x86.Build.0 = Release|Any CPU
		{6CCE69CE-9CD6-4C7E-8F44-F1C2A15A8154}.Ad-Hoc|x86.Deploy.0 = Release|Any CPU
		{6CCE69CE-9CD6-4C7E-8F44-F1C2A15A8154}.AppStore|Any CPU.ActiveCfg = Release|Any CPU
		{6CCE69CE-9CD6-4C7E-8F44-F1C2A15A8154}.AppStore|Any CPU.Build.0 = Release|Any CPU
		{6CCE69CE-9CD6-4C7E-8F44-F1C2A15A8154}.AppStore|Any CPU.Deploy.0 = Release|Any CPU
		{6CCE69CE-9CD6-4C7E-8F44-F1C2A15A8154}.AppStore|ARM.ActiveCfg = Release|Any CPU
		{6CCE69CE-9CD6-4C7E-8F44-F1C2A15A8154}.AppStore|ARM.Build.0 = Release|Any CPU
		{6CCE69CE-9CD6-4C7E-8F44-F1C2A15A8154}.AppStore|ARM.Deploy.0 = Release|Any CPU
		{6CCE69CE-9CD6-4C7E-8F44-F1C2A15A8154}.AppStore|ARM64.ActiveCfg = Release|Any CPU
		{6CCE69CE-9CD6-4C7E-8F44-F1C2A15A8154}.AppStore|ARM64.Build.0 = Release|Any CPU
		{6CCE69CE-9CD6-4C7E-8F44-F1C2A15A8154}.AppStore|ARM64.Deploy.0 = Release|Any CPU
		{6CCE69CE-9CD6-4C7E-8F44-F1C2A15A8154}.AppStore|iPhone.ActiveCfg = Release|Any CPU
		{6CCE69CE-9CD6-4C7E-8F44-F1C2A15A8154}.AppStore|iPhone.Build.0 = Release|Any CPU
		{6CCE69CE-9CD6-4C7E-8F44-F1C2A15A8154}.AppStore|iPhone.Deploy.0 = Release|Any CPU
		{6CCE69CE-9CD6-4C7E-8F44-F1C2A15A8154}.AppStore|iPhoneSimulator.ActiveCfg = Release|Any CPU
		{6CCE69CE-9CD6-4C7E-8F44-F1C2A15A8154}.AppStore|iPhoneSimulator.Build.0 = Release|Any CPU
		{6CCE69CE-9CD6-4C7E-8F44-F1C2A15A8154}.AppStore|iPhoneSimulator.Deploy.0 = Release|Any CPU
		{6CCE69CE-9CD6-4C7E-8F44-F1C2A15A8154}.AppStore|x64.ActiveCfg = Release|Any CPU
		{6CCE69CE-9CD6-4C7E-8F44-F1C2A15A8154}.AppStore|x64.Build.0 = Release|Any CPU
		{6CCE69CE-9CD6-4C7E-8F44-F1C2A15A8154}.AppStore|x64.Deploy.0 = Release|Any CPU
		{6CCE69CE-9CD6-4C7E-8F44-F1C2A15A8154}.AppStore|x86.ActiveCfg = Release|Any CPU
		{6CCE69CE-9CD6-4C7E-8F44-F1C2A15A8154}.AppStore|x86.Build.0 = Release|Any CPU
		{6CCE69CE-9CD6-4C7E-8F44-F1C2A15A8154}.AppStore|x86.Deploy.0 = Release|Any CPU
		{6CCE69CE-9CD6-4C7E-8F44-F1C2A15A8154}.Debug|Any CPU.ActiveCfg = Debug|Any CPU
		{6CCE69CE-9CD6-4C7E-8F44-F1C2A15A8154}.Debug|Any CPU.Build.0 = Debug|Any CPU
		{6CCE69CE-9CD6-4C7E-8F44-F1C2A15A8154}.Debug|Any CPU.Deploy.0 = Debug|Any CPU
		{6CCE69CE-9CD6-4C7E-8F44-F1C2A15A8154}.Debug|ARM.ActiveCfg = Debug|Any CPU
		{6CCE69CE-9CD6-4C7E-8F44-F1C2A15A8154}.Debug|ARM.Build.0 = Debug|Any CPU
		{6CCE69CE-9CD6-4C7E-8F44-F1C2A15A8154}.Debug|ARM.Deploy.0 = Debug|Any CPU
		{6CCE69CE-9CD6-4C7E-8F44-F1C2A15A8154}.Debug|ARM64.ActiveCfg = Debug|Any CPU
		{6CCE69CE-9CD6-4C7E-8F44-F1C2A15A8154}.Debug|ARM64.Build.0 = Debug|Any CPU
		{6CCE69CE-9CD6-4C7E-8F44-F1C2A15A8154}.Debug|ARM64.Deploy.0 = Debug|Any CPU
		{6CCE69CE-9CD6-4C7E-8F44-F1C2A15A8154}.Debug|iPhone.ActiveCfg = Debug|Any CPU
		{6CCE69CE-9CD6-4C7E-8F44-F1C2A15A8154}.Debug|iPhone.Build.0 = Debug|Any CPU
		{6CCE69CE-9CD6-4C7E-8F44-F1C2A15A8154}.Debug|iPhone.Deploy.0 = Debug|Any CPU
		{6CCE69CE-9CD6-4C7E-8F44-F1C2A15A8154}.Debug|iPhoneSimulator.ActiveCfg = Debug|Any CPU
		{6CCE69CE-9CD6-4C7E-8F44-F1C2A15A8154}.Debug|iPhoneSimulator.Build.0 = Debug|Any CPU
		{6CCE69CE-9CD6-4C7E-8F44-F1C2A15A8154}.Debug|iPhoneSimulator.Deploy.0 = Debug|Any CPU
		{6CCE69CE-9CD6-4C7E-8F44-F1C2A15A8154}.Debug|x64.ActiveCfg = Debug|Any CPU
		{6CCE69CE-9CD6-4C7E-8F44-F1C2A15A8154}.Debug|x64.Build.0 = Debug|Any CPU
		{6CCE69CE-9CD6-4C7E-8F44-F1C2A15A8154}.Debug|x64.Deploy.0 = Debug|Any CPU
		{6CCE69CE-9CD6-4C7E-8F44-F1C2A15A8154}.Debug|x86.ActiveCfg = Debug|Any CPU
		{6CCE69CE-9CD6-4C7E-8F44-F1C2A15A8154}.Debug|x86.Build.0 = Debug|Any CPU
		{6CCE69CE-9CD6-4C7E-8F44-F1C2A15A8154}.Debug|x86.Deploy.0 = Debug|Any CPU
		{6CCE69CE-9CD6-4C7E-8F44-F1C2A15A8154}.Release|Any CPU.ActiveCfg = Release|Any CPU
		{6CCE69CE-9CD6-4C7E-8F44-F1C2A15A8154}.Release|Any CPU.Build.0 = Release|Any CPU
		{6CCE69CE-9CD6-4C7E-8F44-F1C2A15A8154}.Release|Any CPU.Deploy.0 = Release|Any CPU
		{6CCE69CE-9CD6-4C7E-8F44-F1C2A15A8154}.Release|ARM.ActiveCfg = Release|Any CPU
		{6CCE69CE-9CD6-4C7E-8F44-F1C2A15A8154}.Release|ARM.Build.0 = Release|Any CPU
		{6CCE69CE-9CD6-4C7E-8F44-F1C2A15A8154}.Release|ARM.Deploy.0 = Release|Any CPU
		{6CCE69CE-9CD6-4C7E-8F44-F1C2A15A8154}.Release|ARM64.ActiveCfg = Release|Any CPU
		{6CCE69CE-9CD6-4C7E-8F44-F1C2A15A8154}.Release|ARM64.Build.0 = Release|Any CPU
		{6CCE69CE-9CD6-4C7E-8F44-F1C2A15A8154}.Release|ARM64.Deploy.0 = Release|Any CPU
		{6CCE69CE-9CD6-4C7E-8F44-F1C2A15A8154}.Release|iPhone.ActiveCfg = Release|Any CPU
		{6CCE69CE-9CD6-4C7E-8F44-F1C2A15A8154}.Release|iPhone.Build.0 = Release|Any CPU
		{6CCE69CE-9CD6-4C7E-8F44-F1C2A15A8154}.Release|iPhone.Deploy.0 = Release|Any CPU
		{6CCE69CE-9CD6-4C7E-8F44-F1C2A15A8154}.Release|iPhoneSimulator.ActiveCfg = Release|Any CPU
		{6CCE69CE-9CD6-4C7E-8F44-F1C2A15A8154}.Release|iPhoneSimulator.Build.0 = Release|Any CPU
		{6CCE69CE-9CD6-4C7E-8F44-F1C2A15A8154}.Release|iPhoneSimulator.Deploy.0 = Release|Any CPU
		{6CCE69CE-9CD6-4C7E-8F44-F1C2A15A8154}.Release|x64.ActiveCfg = Release|Any CPU
		{6CCE69CE-9CD6-4C7E-8F44-F1C2A15A8154}.Release|x64.Build.0 = Release|Any CPU
		{6CCE69CE-9CD6-4C7E-8F44-F1C2A15A8154}.Release|x64.Deploy.0 = Release|Any CPU
		{6CCE69CE-9CD6-4C7E-8F44-F1C2A15A8154}.Release|x86.ActiveCfg = Release|Any CPU
		{6CCE69CE-9CD6-4C7E-8F44-F1C2A15A8154}.Release|x86.Build.0 = Release|Any CPU
		{6CCE69CE-9CD6-4C7E-8F44-F1C2A15A8154}.Release|x86.Deploy.0 = Release|Any CPU
		{8AEF1B4B-BE89-4A16-9FB8-E4ACD8CEFF5B}.Ad-Hoc|Any CPU.ActiveCfg = Release|iPhoneSimulator
		{8AEF1B4B-BE89-4A16-9FB8-E4ACD8CEFF5B}.Ad-Hoc|Any CPU.Build.0 = Release|iPhoneSimulator
		{8AEF1B4B-BE89-4A16-9FB8-E4ACD8CEFF5B}.Ad-Hoc|ARM.ActiveCfg = Release|iPhoneSimulator
		{8AEF1B4B-BE89-4A16-9FB8-E4ACD8CEFF5B}.Ad-Hoc|ARM.Build.0 = Release|iPhoneSimulator
		{8AEF1B4B-BE89-4A16-9FB8-E4ACD8CEFF5B}.Ad-Hoc|ARM64.ActiveCfg = Release|iPhoneSimulator
		{8AEF1B4B-BE89-4A16-9FB8-E4ACD8CEFF5B}.Ad-Hoc|ARM64.Build.0 = Release|iPhoneSimulator
		{8AEF1B4B-BE89-4A16-9FB8-E4ACD8CEFF5B}.Ad-Hoc|iPhone.ActiveCfg = Release|iPhone
		{8AEF1B4B-BE89-4A16-9FB8-E4ACD8CEFF5B}.Ad-Hoc|iPhone.Build.0 = Release|iPhone
		{8AEF1B4B-BE89-4A16-9FB8-E4ACD8CEFF5B}.Ad-Hoc|iPhoneSimulator.ActiveCfg = Release|iPhoneSimulator
		{8AEF1B4B-BE89-4A16-9FB8-E4ACD8CEFF5B}.Ad-Hoc|iPhoneSimulator.Build.0 = Release|iPhoneSimulator
		{8AEF1B4B-BE89-4A16-9FB8-E4ACD8CEFF5B}.Ad-Hoc|x64.ActiveCfg = Release|iPhoneSimulator
		{8AEF1B4B-BE89-4A16-9FB8-E4ACD8CEFF5B}.Ad-Hoc|x64.Build.0 = Release|iPhoneSimulator
		{8AEF1B4B-BE89-4A16-9FB8-E4ACD8CEFF5B}.Ad-Hoc|x86.ActiveCfg = Release|iPhoneSimulator
		{8AEF1B4B-BE89-4A16-9FB8-E4ACD8CEFF5B}.Ad-Hoc|x86.Build.0 = Release|iPhoneSimulator
		{8AEF1B4B-BE89-4A16-9FB8-E4ACD8CEFF5B}.AppStore|Any CPU.ActiveCfg = Release|iPhoneSimulator
		{8AEF1B4B-BE89-4A16-9FB8-E4ACD8CEFF5B}.AppStore|Any CPU.Build.0 = Release|iPhoneSimulator
		{8AEF1B4B-BE89-4A16-9FB8-E4ACD8CEFF5B}.AppStore|ARM.ActiveCfg = Release|iPhoneSimulator
		{8AEF1B4B-BE89-4A16-9FB8-E4ACD8CEFF5B}.AppStore|ARM.Build.0 = Release|iPhoneSimulator
		{8AEF1B4B-BE89-4A16-9FB8-E4ACD8CEFF5B}.AppStore|ARM64.ActiveCfg = Release|iPhoneSimulator
		{8AEF1B4B-BE89-4A16-9FB8-E4ACD8CEFF5B}.AppStore|ARM64.Build.0 = Release|iPhoneSimulator
		{8AEF1B4B-BE89-4A16-9FB8-E4ACD8CEFF5B}.AppStore|iPhone.ActiveCfg = Release|iPhone
		{8AEF1B4B-BE89-4A16-9FB8-E4ACD8CEFF5B}.AppStore|iPhone.Build.0 = Release|iPhone
		{8AEF1B4B-BE89-4A16-9FB8-E4ACD8CEFF5B}.AppStore|iPhoneSimulator.ActiveCfg = Release|iPhoneSimulator
		{8AEF1B4B-BE89-4A16-9FB8-E4ACD8CEFF5B}.AppStore|iPhoneSimulator.Build.0 = Release|iPhoneSimulator
		{8AEF1B4B-BE89-4A16-9FB8-E4ACD8CEFF5B}.AppStore|x64.ActiveCfg = Release|iPhoneSimulator
		{8AEF1B4B-BE89-4A16-9FB8-E4ACD8CEFF5B}.AppStore|x64.Build.0 = Release|iPhoneSimulator
		{8AEF1B4B-BE89-4A16-9FB8-E4ACD8CEFF5B}.AppStore|x86.ActiveCfg = Release|iPhoneSimulator
		{8AEF1B4B-BE89-4A16-9FB8-E4ACD8CEFF5B}.AppStore|x86.Build.0 = Release|iPhoneSimulator
		{8AEF1B4B-BE89-4A16-9FB8-E4ACD8CEFF5B}.Debug|Any CPU.ActiveCfg = Debug|iPhone
		{8AEF1B4B-BE89-4A16-9FB8-E4ACD8CEFF5B}.Debug|ARM.ActiveCfg = Debug|iPhone
		{8AEF1B4B-BE89-4A16-9FB8-E4ACD8CEFF5B}.Debug|ARM64.ActiveCfg = Debug|iPhoneSimulator
		{8AEF1B4B-BE89-4A16-9FB8-E4ACD8CEFF5B}.Debug|iPhone.ActiveCfg = Debug|iPhone
		{8AEF1B4B-BE89-4A16-9FB8-E4ACD8CEFF5B}.Debug|iPhone.Build.0 = Debug|iPhone
		{8AEF1B4B-BE89-4A16-9FB8-E4ACD8CEFF5B}.Debug|iPhoneSimulator.ActiveCfg = Debug|iPhoneSimulator
		{8AEF1B4B-BE89-4A16-9FB8-E4ACD8CEFF5B}.Debug|iPhoneSimulator.Build.0 = Debug|iPhoneSimulator
		{8AEF1B4B-BE89-4A16-9FB8-E4ACD8CEFF5B}.Debug|x64.ActiveCfg = Debug|iPhone
		{8AEF1B4B-BE89-4A16-9FB8-E4ACD8CEFF5B}.Debug|x86.ActiveCfg = Debug|iPhone
		{8AEF1B4B-BE89-4A16-9FB8-E4ACD8CEFF5B}.Release|Any CPU.ActiveCfg = Release|iPhone
		{8AEF1B4B-BE89-4A16-9FB8-E4ACD8CEFF5B}.Release|ARM.ActiveCfg = Release|iPhone
		{8AEF1B4B-BE89-4A16-9FB8-E4ACD8CEFF5B}.Release|ARM64.ActiveCfg = Release|iPhoneSimulator
		{8AEF1B4B-BE89-4A16-9FB8-E4ACD8CEFF5B}.Release|iPhone.ActiveCfg = Release|iPhone
		{8AEF1B4B-BE89-4A16-9FB8-E4ACD8CEFF5B}.Release|iPhone.Build.0 = Release|iPhone
		{8AEF1B4B-BE89-4A16-9FB8-E4ACD8CEFF5B}.Release|iPhoneSimulator.ActiveCfg = Release|iPhoneSimulator
		{8AEF1B4B-BE89-4A16-9FB8-E4ACD8CEFF5B}.Release|iPhoneSimulator.Build.0 = Release|iPhoneSimulator
		{8AEF1B4B-BE89-4A16-9FB8-E4ACD8CEFF5B}.Release|x64.ActiveCfg = Release|iPhone
		{8AEF1B4B-BE89-4A16-9FB8-E4ACD8CEFF5B}.Release|x86.ActiveCfg = Release|iPhone
		{19EDB91D-B64A-41EF-9E2B-567986AF9B79}.Ad-Hoc|Any CPU.ActiveCfg = Release|Any CPU
		{19EDB91D-B64A-41EF-9E2B-567986AF9B79}.Ad-Hoc|Any CPU.Build.0 = Release|Any CPU
		{19EDB91D-B64A-41EF-9E2B-567986AF9B79}.Ad-Hoc|ARM.ActiveCfg = Release|Any CPU
		{19EDB91D-B64A-41EF-9E2B-567986AF9B79}.Ad-Hoc|ARM.Build.0 = Release|Any CPU
		{19EDB91D-B64A-41EF-9E2B-567986AF9B79}.Ad-Hoc|ARM64.ActiveCfg = Release|Any CPU
		{19EDB91D-B64A-41EF-9E2B-567986AF9B79}.Ad-Hoc|ARM64.Build.0 = Release|Any CPU
		{19EDB91D-B64A-41EF-9E2B-567986AF9B79}.Ad-Hoc|iPhone.ActiveCfg = Release|Any CPU
		{19EDB91D-B64A-41EF-9E2B-567986AF9B79}.Ad-Hoc|iPhone.Build.0 = Release|Any CPU
		{19EDB91D-B64A-41EF-9E2B-567986AF9B79}.Ad-Hoc|iPhoneSimulator.ActiveCfg = Release|Any CPU
		{19EDB91D-B64A-41EF-9E2B-567986AF9B79}.Ad-Hoc|iPhoneSimulator.Build.0 = Release|Any CPU
		{19EDB91D-B64A-41EF-9E2B-567986AF9B79}.Ad-Hoc|x64.ActiveCfg = Release|Any CPU
		{19EDB91D-B64A-41EF-9E2B-567986AF9B79}.Ad-Hoc|x64.Build.0 = Release|Any CPU
		{19EDB91D-B64A-41EF-9E2B-567986AF9B79}.Ad-Hoc|x86.ActiveCfg = Release|Any CPU
		{19EDB91D-B64A-41EF-9E2B-567986AF9B79}.Ad-Hoc|x86.Build.0 = Release|Any CPU
		{19EDB91D-B64A-41EF-9E2B-567986AF9B79}.AppStore|Any CPU.ActiveCfg = Release|Any CPU
		{19EDB91D-B64A-41EF-9E2B-567986AF9B79}.AppStore|Any CPU.Build.0 = Release|Any CPU
		{19EDB91D-B64A-41EF-9E2B-567986AF9B79}.AppStore|ARM.ActiveCfg = Release|Any CPU
		{19EDB91D-B64A-41EF-9E2B-567986AF9B79}.AppStore|ARM.Build.0 = Release|Any CPU
		{19EDB91D-B64A-41EF-9E2B-567986AF9B79}.AppStore|ARM64.ActiveCfg = Release|Any CPU
		{19EDB91D-B64A-41EF-9E2B-567986AF9B79}.AppStore|ARM64.Build.0 = Release|Any CPU
		{19EDB91D-B64A-41EF-9E2B-567986AF9B79}.AppStore|iPhone.ActiveCfg = Release|Any CPU
		{19EDB91D-B64A-41EF-9E2B-567986AF9B79}.AppStore|iPhone.Build.0 = Release|Any CPU
		{19EDB91D-B64A-41EF-9E2B-567986AF9B79}.AppStore|iPhoneSimulator.ActiveCfg = Release|Any CPU
		{19EDB91D-B64A-41EF-9E2B-567986AF9B79}.AppStore|iPhoneSimulator.Build.0 = Release|Any CPU
		{19EDB91D-B64A-41EF-9E2B-567986AF9B79}.AppStore|x64.ActiveCfg = Release|Any CPU
		{19EDB91D-B64A-41EF-9E2B-567986AF9B79}.AppStore|x64.Build.0 = Release|Any CPU
		{19EDB91D-B64A-41EF-9E2B-567986AF9B79}.AppStore|x86.ActiveCfg = Release|Any CPU
		{19EDB91D-B64A-41EF-9E2B-567986AF9B79}.AppStore|x86.Build.0 = Release|Any CPU
		{19EDB91D-B64A-41EF-9E2B-567986AF9B79}.Debug|Any CPU.ActiveCfg = Debug|Any CPU
		{19EDB91D-B64A-41EF-9E2B-567986AF9B79}.Debug|Any CPU.Build.0 = Debug|Any CPU
		{19EDB91D-B64A-41EF-9E2B-567986AF9B79}.Debug|ARM.ActiveCfg = Debug|Any CPU
		{19EDB91D-B64A-41EF-9E2B-567986AF9B79}.Debug|ARM.Build.0 = Debug|Any CPU
		{19EDB91D-B64A-41EF-9E2B-567986AF9B79}.Debug|ARM64.ActiveCfg = Debug|Any CPU
		{19EDB91D-B64A-41EF-9E2B-567986AF9B79}.Debug|ARM64.Build.0 = Debug|Any CPU
		{19EDB91D-B64A-41EF-9E2B-567986AF9B79}.Debug|iPhone.ActiveCfg = Debug|Any CPU
		{19EDB91D-B64A-41EF-9E2B-567986AF9B79}.Debug|iPhone.Build.0 = Debug|Any CPU
		{19EDB91D-B64A-41EF-9E2B-567986AF9B79}.Debug|iPhoneSimulator.ActiveCfg = Debug|Any CPU
		{19EDB91D-B64A-41EF-9E2B-567986AF9B79}.Debug|iPhoneSimulator.Build.0 = Debug|Any CPU
		{19EDB91D-B64A-41EF-9E2B-567986AF9B79}.Debug|x64.ActiveCfg = Debug|Any CPU
		{19EDB91D-B64A-41EF-9E2B-567986AF9B79}.Debug|x64.Build.0 = Debug|Any CPU
		{19EDB91D-B64A-41EF-9E2B-567986AF9B79}.Debug|x86.ActiveCfg = Debug|Any CPU
		{19EDB91D-B64A-41EF-9E2B-567986AF9B79}.Debug|x86.Build.0 = Debug|Any CPU
		{19EDB91D-B64A-41EF-9E2B-567986AF9B79}.Release|Any CPU.ActiveCfg = Release|Any CPU
		{19EDB91D-B64A-41EF-9E2B-567986AF9B79}.Release|Any CPU.Build.0 = Release|Any CPU
		{19EDB91D-B64A-41EF-9E2B-567986AF9B79}.Release|ARM.ActiveCfg = Release|Any CPU
		{19EDB91D-B64A-41EF-9E2B-567986AF9B79}.Release|ARM.Build.0 = Release|Any CPU
		{19EDB91D-B64A-41EF-9E2B-567986AF9B79}.Release|ARM64.ActiveCfg = Release|Any CPU
		{19EDB91D-B64A-41EF-9E2B-567986AF9B79}.Release|ARM64.Build.0 = Release|Any CPU
		{19EDB91D-B64A-41EF-9E2B-567986AF9B79}.Release|iPhone.ActiveCfg = Release|Any CPU
		{19EDB91D-B64A-41EF-9E2B-567986AF9B79}.Release|iPhone.Build.0 = Release|Any CPU
		{19EDB91D-B64A-41EF-9E2B-567986AF9B79}.Release|iPhoneSimulator.ActiveCfg = Release|Any CPU
		{19EDB91D-B64A-41EF-9E2B-567986AF9B79}.Release|iPhoneSimulator.Build.0 = Release|Any CPU
		{19EDB91D-B64A-41EF-9E2B-567986AF9B79}.Release|x64.ActiveCfg = Release|Any CPU
		{19EDB91D-B64A-41EF-9E2B-567986AF9B79}.Release|x64.Build.0 = Release|Any CPU
		{19EDB91D-B64A-41EF-9E2B-567986AF9B79}.Release|x86.ActiveCfg = Release|Any CPU
		{19EDB91D-B64A-41EF-9E2B-567986AF9B79}.Release|x86.Build.0 = Release|Any CPU
		{9C67014C-0170-4B66-A2DE-BEB3E53102CE}.Ad-Hoc|Any CPU.ActiveCfg = Release|Any CPU
		{9C67014C-0170-4B66-A2DE-BEB3E53102CE}.Ad-Hoc|Any CPU.Build.0 = Release|Any CPU
		{9C67014C-0170-4B66-A2DE-BEB3E53102CE}.Ad-Hoc|ARM.ActiveCfg = Release|Any CPU
		{9C67014C-0170-4B66-A2DE-BEB3E53102CE}.Ad-Hoc|ARM.Build.0 = Release|Any CPU
		{9C67014C-0170-4B66-A2DE-BEB3E53102CE}.Ad-Hoc|ARM64.ActiveCfg = Release|Any CPU
		{9C67014C-0170-4B66-A2DE-BEB3E53102CE}.Ad-Hoc|ARM64.Build.0 = Release|Any CPU
		{9C67014C-0170-4B66-A2DE-BEB3E53102CE}.Ad-Hoc|iPhone.ActiveCfg = Release|Any CPU
		{9C67014C-0170-4B66-A2DE-BEB3E53102CE}.Ad-Hoc|iPhone.Build.0 = Release|Any CPU
		{9C67014C-0170-4B66-A2DE-BEB3E53102CE}.Ad-Hoc|iPhoneSimulator.ActiveCfg = Release|Any CPU
		{9C67014C-0170-4B66-A2DE-BEB3E53102CE}.Ad-Hoc|iPhoneSimulator.Build.0 = Release|Any CPU
		{9C67014C-0170-4B66-A2DE-BEB3E53102CE}.Ad-Hoc|x64.ActiveCfg = Release|Any CPU
		{9C67014C-0170-4B66-A2DE-BEB3E53102CE}.Ad-Hoc|x64.Build.0 = Release|Any CPU
		{9C67014C-0170-4B66-A2DE-BEB3E53102CE}.Ad-Hoc|x86.ActiveCfg = Release|Any CPU
		{9C67014C-0170-4B66-A2DE-BEB3E53102CE}.Ad-Hoc|x86.Build.0 = Release|Any CPU
		{9C67014C-0170-4B66-A2DE-BEB3E53102CE}.AppStore|Any CPU.ActiveCfg = Release|Any CPU
		{9C67014C-0170-4B66-A2DE-BEB3E53102CE}.AppStore|Any CPU.Build.0 = Release|Any CPU
		{9C67014C-0170-4B66-A2DE-BEB3E53102CE}.AppStore|ARM.ActiveCfg = Release|Any CPU
		{9C67014C-0170-4B66-A2DE-BEB3E53102CE}.AppStore|ARM.Build.0 = Release|Any CPU
		{9C67014C-0170-4B66-A2DE-BEB3E53102CE}.AppStore|ARM64.ActiveCfg = Release|Any CPU
		{9C67014C-0170-4B66-A2DE-BEB3E53102CE}.AppStore|ARM64.Build.0 = Release|Any CPU
		{9C67014C-0170-4B66-A2DE-BEB3E53102CE}.AppStore|iPhone.ActiveCfg = Release|Any CPU
		{9C67014C-0170-4B66-A2DE-BEB3E53102CE}.AppStore|iPhone.Build.0 = Release|Any CPU
		{9C67014C-0170-4B66-A2DE-BEB3E53102CE}.AppStore|iPhoneSimulator.ActiveCfg = Release|Any CPU
		{9C67014C-0170-4B66-A2DE-BEB3E53102CE}.AppStore|iPhoneSimulator.Build.0 = Release|Any CPU
		{9C67014C-0170-4B66-A2DE-BEB3E53102CE}.AppStore|x64.ActiveCfg = Release|Any CPU
		{9C67014C-0170-4B66-A2DE-BEB3E53102CE}.AppStore|x64.Build.0 = Release|Any CPU
		{9C67014C-0170-4B66-A2DE-BEB3E53102CE}.AppStore|x86.ActiveCfg = Release|Any CPU
		{9C67014C-0170-4B66-A2DE-BEB3E53102CE}.AppStore|x86.Build.0 = Release|Any CPU
		{9C67014C-0170-4B66-A2DE-BEB3E53102CE}.Debug|Any CPU.ActiveCfg = Debug|Any CPU
		{9C67014C-0170-4B66-A2DE-BEB3E53102CE}.Debug|Any CPU.Build.0 = Debug|Any CPU
		{9C67014C-0170-4B66-A2DE-BEB3E53102CE}.Debug|ARM.ActiveCfg = Debug|Any CPU
		{9C67014C-0170-4B66-A2DE-BEB3E53102CE}.Debug|ARM.Build.0 = Debug|Any CPU
		{9C67014C-0170-4B66-A2DE-BEB3E53102CE}.Debug|ARM64.ActiveCfg = Debug|Any CPU
		{9C67014C-0170-4B66-A2DE-BEB3E53102CE}.Debug|ARM64.Build.0 = Debug|Any CPU
		{9C67014C-0170-4B66-A2DE-BEB3E53102CE}.Debug|iPhone.ActiveCfg = Debug|Any CPU
		{9C67014C-0170-4B66-A2DE-BEB3E53102CE}.Debug|iPhone.Build.0 = Debug|Any CPU
		{9C67014C-0170-4B66-A2DE-BEB3E53102CE}.Debug|iPhoneSimulator.ActiveCfg = Debug|Any CPU
		{9C67014C-0170-4B66-A2DE-BEB3E53102CE}.Debug|iPhoneSimulator.Build.0 = Debug|Any CPU
		{9C67014C-0170-4B66-A2DE-BEB3E53102CE}.Debug|x64.ActiveCfg = Debug|Any CPU
		{9C67014C-0170-4B66-A2DE-BEB3E53102CE}.Debug|x64.Build.0 = Debug|Any CPU
		{9C67014C-0170-4B66-A2DE-BEB3E53102CE}.Debug|x86.ActiveCfg = Debug|Any CPU
		{9C67014C-0170-4B66-A2DE-BEB3E53102CE}.Debug|x86.Build.0 = Debug|Any CPU
		{9C67014C-0170-4B66-A2DE-BEB3E53102CE}.Release|Any CPU.ActiveCfg = Release|Any CPU
		{9C67014C-0170-4B66-A2DE-BEB3E53102CE}.Release|Any CPU.Build.0 = Release|Any CPU
		{9C67014C-0170-4B66-A2DE-BEB3E53102CE}.Release|ARM.ActiveCfg = Release|Any CPU
		{9C67014C-0170-4B66-A2DE-BEB3E53102CE}.Release|ARM.Build.0 = Release|Any CPU
		{9C67014C-0170-4B66-A2DE-BEB3E53102CE}.Release|ARM64.ActiveCfg = Release|Any CPU
		{9C67014C-0170-4B66-A2DE-BEB3E53102CE}.Release|ARM64.Build.0 = Release|Any CPU
		{9C67014C-0170-4B66-A2DE-BEB3E53102CE}.Release|iPhone.ActiveCfg = Release|Any CPU
		{9C67014C-0170-4B66-A2DE-BEB3E53102CE}.Release|iPhone.Build.0 = Release|Any CPU
		{9C67014C-0170-4B66-A2DE-BEB3E53102CE}.Release|iPhoneSimulator.ActiveCfg = Release|Any CPU
		{9C67014C-0170-4B66-A2DE-BEB3E53102CE}.Release|iPhoneSimulator.Build.0 = Release|Any CPU
		{9C67014C-0170-4B66-A2DE-BEB3E53102CE}.Release|x64.ActiveCfg = Release|Any CPU
		{9C67014C-0170-4B66-A2DE-BEB3E53102CE}.Release|x64.Build.0 = Release|Any CPU
		{9C67014C-0170-4B66-A2DE-BEB3E53102CE}.Release|x86.ActiveCfg = Release|Any CPU
		{9C67014C-0170-4B66-A2DE-BEB3E53102CE}.Release|x86.Build.0 = Release|Any CPU
		{28EA3801-3F57-4C7D-B332-85CEFF980A57}.Ad-Hoc|Any CPU.ActiveCfg = Release|x64
		{28EA3801-3F57-4C7D-B332-85CEFF980A57}.Ad-Hoc|Any CPU.Build.0 = Release|x64
		{28EA3801-3F57-4C7D-B332-85CEFF980A57}.Ad-Hoc|Any CPU.Deploy.0 = Release|x64
		{28EA3801-3F57-4C7D-B332-85CEFF980A57}.Ad-Hoc|ARM.ActiveCfg = Release|ARM
		{28EA3801-3F57-4C7D-B332-85CEFF980A57}.Ad-Hoc|ARM.Build.0 = Release|ARM
		{28EA3801-3F57-4C7D-B332-85CEFF980A57}.Ad-Hoc|ARM.Deploy.0 = Release|ARM
		{28EA3801-3F57-4C7D-B332-85CEFF980A57}.Ad-Hoc|ARM64.ActiveCfg = Release|ARM64
		{28EA3801-3F57-4C7D-B332-85CEFF980A57}.Ad-Hoc|ARM64.Build.0 = Release|ARM64
		{28EA3801-3F57-4C7D-B332-85CEFF980A57}.Ad-Hoc|ARM64.Deploy.0 = Release|ARM64
		{28EA3801-3F57-4C7D-B332-85CEFF980A57}.Ad-Hoc|iPhone.ActiveCfg = Release|x64
		{28EA3801-3F57-4C7D-B332-85CEFF980A57}.Ad-Hoc|iPhone.Build.0 = Release|x64
		{28EA3801-3F57-4C7D-B332-85CEFF980A57}.Ad-Hoc|iPhone.Deploy.0 = Release|x64
		{28EA3801-3F57-4C7D-B332-85CEFF980A57}.Ad-Hoc|iPhoneSimulator.ActiveCfg = Release|x64
		{28EA3801-3F57-4C7D-B332-85CEFF980A57}.Ad-Hoc|iPhoneSimulator.Build.0 = Release|x64
		{28EA3801-3F57-4C7D-B332-85CEFF980A57}.Ad-Hoc|iPhoneSimulator.Deploy.0 = Release|x64
		{28EA3801-3F57-4C7D-B332-85CEFF980A57}.Ad-Hoc|x64.ActiveCfg = Release|x64
		{28EA3801-3F57-4C7D-B332-85CEFF980A57}.Ad-Hoc|x64.Build.0 = Release|x64
		{28EA3801-3F57-4C7D-B332-85CEFF980A57}.Ad-Hoc|x64.Deploy.0 = Release|x64
		{28EA3801-3F57-4C7D-B332-85CEFF980A57}.Ad-Hoc|x86.ActiveCfg = Release|x86
		{28EA3801-3F57-4C7D-B332-85CEFF980A57}.Ad-Hoc|x86.Build.0 = Release|x86
		{28EA3801-3F57-4C7D-B332-85CEFF980A57}.Ad-Hoc|x86.Deploy.0 = Release|x86
		{28EA3801-3F57-4C7D-B332-85CEFF980A57}.AppStore|Any CPU.ActiveCfg = Release|x64
		{28EA3801-3F57-4C7D-B332-85CEFF980A57}.AppStore|Any CPU.Build.0 = Release|x64
		{28EA3801-3F57-4C7D-B332-85CEFF980A57}.AppStore|Any CPU.Deploy.0 = Release|x64
		{28EA3801-3F57-4C7D-B332-85CEFF980A57}.AppStore|ARM.ActiveCfg = Release|ARM
		{28EA3801-3F57-4C7D-B332-85CEFF980A57}.AppStore|ARM.Build.0 = Release|ARM
		{28EA3801-3F57-4C7D-B332-85CEFF980A57}.AppStore|ARM.Deploy.0 = Release|ARM
		{28EA3801-3F57-4C7D-B332-85CEFF980A57}.AppStore|ARM64.ActiveCfg = Release|ARM64
		{28EA3801-3F57-4C7D-B332-85CEFF980A57}.AppStore|ARM64.Build.0 = Release|ARM64
		{28EA3801-3F57-4C7D-B332-85CEFF980A57}.AppStore|ARM64.Deploy.0 = Release|ARM64
		{28EA3801-3F57-4C7D-B332-85CEFF980A57}.AppStore|iPhone.ActiveCfg = Release|x64
		{28EA3801-3F57-4C7D-B332-85CEFF980A57}.AppStore|iPhone.Build.0 = Release|x64
		{28EA3801-3F57-4C7D-B332-85CEFF980A57}.AppStore|iPhone.Deploy.0 = Release|x64
		{28EA3801-3F57-4C7D-B332-85CEFF980A57}.AppStore|iPhoneSimulator.ActiveCfg = Release|x64
		{28EA3801-3F57-4C7D-B332-85CEFF980A57}.AppStore|iPhoneSimulator.Build.0 = Release|x64
		{28EA3801-3F57-4C7D-B332-85CEFF980A57}.AppStore|iPhoneSimulator.Deploy.0 = Release|x64
		{28EA3801-3F57-4C7D-B332-85CEFF980A57}.AppStore|x64.ActiveCfg = Release|x64
		{28EA3801-3F57-4C7D-B332-85CEFF980A57}.AppStore|x64.Build.0 = Release|x64
		{28EA3801-3F57-4C7D-B332-85CEFF980A57}.AppStore|x64.Deploy.0 = Release|x64
		{28EA3801-3F57-4C7D-B332-85CEFF980A57}.AppStore|x86.ActiveCfg = Release|x86
		{28EA3801-3F57-4C7D-B332-85CEFF980A57}.AppStore|x86.Build.0 = Release|x86
		{28EA3801-3F57-4C7D-B332-85CEFF980A57}.AppStore|x86.Deploy.0 = Release|x86
		{28EA3801-3F57-4C7D-B332-85CEFF980A57}.Debug|Any CPU.ActiveCfg = Debug|x86
		{28EA3801-3F57-4C7D-B332-85CEFF980A57}.Debug|ARM.ActiveCfg = Debug|ARM
		{28EA3801-3F57-4C7D-B332-85CEFF980A57}.Debug|ARM.Build.0 = Debug|ARM
		{28EA3801-3F57-4C7D-B332-85CEFF980A57}.Debug|ARM.Deploy.0 = Debug|ARM
		{28EA3801-3F57-4C7D-B332-85CEFF980A57}.Debug|ARM64.ActiveCfg = Debug|ARM64
		{28EA3801-3F57-4C7D-B332-85CEFF980A57}.Debug|ARM64.Build.0 = Debug|ARM64
		{28EA3801-3F57-4C7D-B332-85CEFF980A57}.Debug|ARM64.Deploy.0 = Debug|ARM64
		{28EA3801-3F57-4C7D-B332-85CEFF980A57}.Debug|iPhone.ActiveCfg = Debug|x86
		{28EA3801-3F57-4C7D-B332-85CEFF980A57}.Debug|iPhoneSimulator.ActiveCfg = Debug|x86
		{28EA3801-3F57-4C7D-B332-85CEFF980A57}.Debug|x64.ActiveCfg = Debug|x64
		{28EA3801-3F57-4C7D-B332-85CEFF980A57}.Debug|x64.Build.0 = Debug|x64
		{28EA3801-3F57-4C7D-B332-85CEFF980A57}.Debug|x64.Deploy.0 = Debug|x64
		{28EA3801-3F57-4C7D-B332-85CEFF980A57}.Debug|x86.ActiveCfg = Debug|x86
		{28EA3801-3F57-4C7D-B332-85CEFF980A57}.Debug|x86.Build.0 = Debug|x86
		{28EA3801-3F57-4C7D-B332-85CEFF980A57}.Debug|x86.Deploy.0 = Debug|x86
		{28EA3801-3F57-4C7D-B332-85CEFF980A57}.Release|Any CPU.ActiveCfg = Release|x86
		{28EA3801-3F57-4C7D-B332-85CEFF980A57}.Release|ARM.ActiveCfg = Release|ARM
		{28EA3801-3F57-4C7D-B332-85CEFF980A57}.Release|ARM.Build.0 = Release|ARM
		{28EA3801-3F57-4C7D-B332-85CEFF980A57}.Release|ARM.Deploy.0 = Release|ARM
		{28EA3801-3F57-4C7D-B332-85CEFF980A57}.Release|ARM64.ActiveCfg = Release|ARM64
		{28EA3801-3F57-4C7D-B332-85CEFF980A57}.Release|ARM64.Build.0 = Release|ARM64
		{28EA3801-3F57-4C7D-B332-85CEFF980A57}.Release|ARM64.Deploy.0 = Release|ARM64
		{28EA3801-3F57-4C7D-B332-85CEFF980A57}.Release|iPhone.ActiveCfg = Release|x86
		{28EA3801-3F57-4C7D-B332-85CEFF980A57}.Release|iPhoneSimulator.ActiveCfg = Release|x86
		{28EA3801-3F57-4C7D-B332-85CEFF980A57}.Release|x64.ActiveCfg = Release|x64
		{28EA3801-3F57-4C7D-B332-85CEFF980A57}.Release|x64.Build.0 = Release|x64
		{28EA3801-3F57-4C7D-B332-85CEFF980A57}.Release|x64.Deploy.0 = Release|x64
		{28EA3801-3F57-4C7D-B332-85CEFF980A57}.Release|x86.ActiveCfg = Release|x86
		{28EA3801-3F57-4C7D-B332-85CEFF980A57}.Release|x86.Build.0 = Release|x86
		{28EA3801-3F57-4C7D-B332-85CEFF980A57}.Release|x86.Deploy.0 = Release|x86
		{EF9D342E-3842-461D-A1C7-D0E9233B59CB}.Ad-Hoc|Any CPU.ActiveCfg = Release|Any CPU
		{EF9D342E-3842-461D-A1C7-D0E9233B59CB}.Ad-Hoc|Any CPU.Build.0 = Release|Any CPU
		{EF9D342E-3842-461D-A1C7-D0E9233B59CB}.Ad-Hoc|ARM.ActiveCfg = Release|Any CPU
		{EF9D342E-3842-461D-A1C7-D0E9233B59CB}.Ad-Hoc|ARM.Build.0 = Release|Any CPU
		{EF9D342E-3842-461D-A1C7-D0E9233B59CB}.Ad-Hoc|ARM64.ActiveCfg = Release|Any CPU
		{EF9D342E-3842-461D-A1C7-D0E9233B59CB}.Ad-Hoc|ARM64.Build.0 = Release|Any CPU
		{EF9D342E-3842-461D-A1C7-D0E9233B59CB}.Ad-Hoc|iPhone.ActiveCfg = Release|Any CPU
		{EF9D342E-3842-461D-A1C7-D0E9233B59CB}.Ad-Hoc|iPhone.Build.0 = Release|Any CPU
		{EF9D342E-3842-461D-A1C7-D0E9233B59CB}.Ad-Hoc|iPhoneSimulator.ActiveCfg = Release|Any CPU
		{EF9D342E-3842-461D-A1C7-D0E9233B59CB}.Ad-Hoc|iPhoneSimulator.Build.0 = Release|Any CPU
		{EF9D342E-3842-461D-A1C7-D0E9233B59CB}.Ad-Hoc|x64.ActiveCfg = Release|Any CPU
		{EF9D342E-3842-461D-A1C7-D0E9233B59CB}.Ad-Hoc|x64.Build.0 = Release|Any CPU
		{EF9D342E-3842-461D-A1C7-D0E9233B59CB}.Ad-Hoc|x86.ActiveCfg = Release|Any CPU
		{EF9D342E-3842-461D-A1C7-D0E9233B59CB}.Ad-Hoc|x86.Build.0 = Release|Any CPU
		{EF9D342E-3842-461D-A1C7-D0E9233B59CB}.AppStore|Any CPU.ActiveCfg = Release|Any CPU
		{EF9D342E-3842-461D-A1C7-D0E9233B59CB}.AppStore|Any CPU.Build.0 = Release|Any CPU
		{EF9D342E-3842-461D-A1C7-D0E9233B59CB}.AppStore|ARM.ActiveCfg = Release|Any CPU
		{EF9D342E-3842-461D-A1C7-D0E9233B59CB}.AppStore|ARM.Build.0 = Release|Any CPU
		{EF9D342E-3842-461D-A1C7-D0E9233B59CB}.AppStore|ARM64.ActiveCfg = Release|Any CPU
		{EF9D342E-3842-461D-A1C7-D0E9233B59CB}.AppStore|ARM64.Build.0 = Release|Any CPU
		{EF9D342E-3842-461D-A1C7-D0E9233B59CB}.AppStore|iPhone.ActiveCfg = Release|Any CPU
		{EF9D342E-3842-461D-A1C7-D0E9233B59CB}.AppStore|iPhone.Build.0 = Release|Any CPU
		{EF9D342E-3842-461D-A1C7-D0E9233B59CB}.AppStore|iPhoneSimulator.ActiveCfg = Release|Any CPU
		{EF9D342E-3842-461D-A1C7-D0E9233B59CB}.AppStore|iPhoneSimulator.Build.0 = Release|Any CPU
		{EF9D342E-3842-461D-A1C7-D0E9233B59CB}.AppStore|x64.ActiveCfg = Release|Any CPU
		{EF9D342E-3842-461D-A1C7-D0E9233B59CB}.AppStore|x64.Build.0 = Release|Any CPU
		{EF9D342E-3842-461D-A1C7-D0E9233B59CB}.AppStore|x86.ActiveCfg = Release|Any CPU
		{EF9D342E-3842-461D-A1C7-D0E9233B59CB}.AppStore|x86.Build.0 = Release|Any CPU
		{EF9D342E-3842-461D-A1C7-D0E9233B59CB}.Debug|Any CPU.ActiveCfg = Debug|Any CPU
		{EF9D342E-3842-461D-A1C7-D0E9233B59CB}.Debug|Any CPU.Build.0 = Debug|Any CPU
		{EF9D342E-3842-461D-A1C7-D0E9233B59CB}.Debug|ARM.ActiveCfg = Debug|Any CPU
		{EF9D342E-3842-461D-A1C7-D0E9233B59CB}.Debug|ARM.Build.0 = Debug|Any CPU
		{EF9D342E-3842-461D-A1C7-D0E9233B59CB}.Debug|ARM64.ActiveCfg = Debug|Any CPU
		{EF9D342E-3842-461D-A1C7-D0E9233B59CB}.Debug|ARM64.Build.0 = Debug|Any CPU
		{EF9D342E-3842-461D-A1C7-D0E9233B59CB}.Debug|iPhone.ActiveCfg = Debug|Any CPU
		{EF9D342E-3842-461D-A1C7-D0E9233B59CB}.Debug|iPhone.Build.0 = Debug|Any CPU
		{EF9D342E-3842-461D-A1C7-D0E9233B59CB}.Debug|iPhoneSimulator.ActiveCfg = Debug|Any CPU
		{EF9D342E-3842-461D-A1C7-D0E9233B59CB}.Debug|iPhoneSimulator.Build.0 = Debug|Any CPU
		{EF9D342E-3842-461D-A1C7-D0E9233B59CB}.Debug|x64.ActiveCfg = Debug|Any CPU
		{EF9D342E-3842-461D-A1C7-D0E9233B59CB}.Debug|x64.Build.0 = Debug|Any CPU
		{EF9D342E-3842-461D-A1C7-D0E9233B59CB}.Debug|x86.ActiveCfg = Debug|Any CPU
		{EF9D342E-3842-461D-A1C7-D0E9233B59CB}.Debug|x86.Build.0 = Debug|Any CPU
		{EF9D342E-3842-461D-A1C7-D0E9233B59CB}.Release|Any CPU.ActiveCfg = Release|Any CPU
		{EF9D342E-3842-461D-A1C7-D0E9233B59CB}.Release|Any CPU.Build.0 = Release|Any CPU
		{EF9D342E-3842-461D-A1C7-D0E9233B59CB}.Release|ARM.ActiveCfg = Release|Any CPU
		{EF9D342E-3842-461D-A1C7-D0E9233B59CB}.Release|ARM.Build.0 = Release|Any CPU
		{EF9D342E-3842-461D-A1C7-D0E9233B59CB}.Release|ARM64.ActiveCfg = Release|Any CPU
		{EF9D342E-3842-461D-A1C7-D0E9233B59CB}.Release|ARM64.Build.0 = Release|Any CPU
		{EF9D342E-3842-461D-A1C7-D0E9233B59CB}.Release|iPhone.ActiveCfg = Release|Any CPU
		{EF9D342E-3842-461D-A1C7-D0E9233B59CB}.Release|iPhone.Build.0 = Release|Any CPU
		{EF9D342E-3842-461D-A1C7-D0E9233B59CB}.Release|iPhoneSimulator.ActiveCfg = Release|Any CPU
		{EF9D342E-3842-461D-A1C7-D0E9233B59CB}.Release|iPhoneSimulator.Build.0 = Release|Any CPU
		{EF9D342E-3842-461D-A1C7-D0E9233B59CB}.Release|x64.ActiveCfg = Release|Any CPU
		{EF9D342E-3842-461D-A1C7-D0E9233B59CB}.Release|x64.Build.0 = Release|Any CPU
		{EF9D342E-3842-461D-A1C7-D0E9233B59CB}.Release|x86.ActiveCfg = Release|Any CPU
		{EF9D342E-3842-461D-A1C7-D0E9233B59CB}.Release|x86.Build.0 = Release|Any CPU
		{01800CD0-31C8-42A4-9D6A-76F07259706F}.Ad-Hoc|Any CPU.ActiveCfg = Release|Any CPU
		{01800CD0-31C8-42A4-9D6A-76F07259706F}.Ad-Hoc|Any CPU.Build.0 = Release|Any CPU
		{01800CD0-31C8-42A4-9D6A-76F07259706F}.Ad-Hoc|ARM.ActiveCfg = Release|Any CPU
		{01800CD0-31C8-42A4-9D6A-76F07259706F}.Ad-Hoc|ARM.Build.0 = Release|Any CPU
		{01800CD0-31C8-42A4-9D6A-76F07259706F}.Ad-Hoc|ARM64.ActiveCfg = Release|Any CPU
		{01800CD0-31C8-42A4-9D6A-76F07259706F}.Ad-Hoc|ARM64.Build.0 = Release|Any CPU
		{01800CD0-31C8-42A4-9D6A-76F07259706F}.Ad-Hoc|iPhone.ActiveCfg = Release|Any CPU
		{01800CD0-31C8-42A4-9D6A-76F07259706F}.Ad-Hoc|iPhone.Build.0 = Release|Any CPU
		{01800CD0-31C8-42A4-9D6A-76F07259706F}.Ad-Hoc|iPhoneSimulator.ActiveCfg = Release|Any CPU
		{01800CD0-31C8-42A4-9D6A-76F07259706F}.Ad-Hoc|iPhoneSimulator.Build.0 = Release|Any CPU
		{01800CD0-31C8-42A4-9D6A-76F07259706F}.Ad-Hoc|x64.ActiveCfg = Release|Any CPU
		{01800CD0-31C8-42A4-9D6A-76F07259706F}.Ad-Hoc|x64.Build.0 = Release|Any CPU
		{01800CD0-31C8-42A4-9D6A-76F07259706F}.Ad-Hoc|x86.ActiveCfg = Release|Any CPU
		{01800CD0-31C8-42A4-9D6A-76F07259706F}.Ad-Hoc|x86.Build.0 = Release|Any CPU
		{01800CD0-31C8-42A4-9D6A-76F07259706F}.AppStore|Any CPU.ActiveCfg = Release|Any CPU
		{01800CD0-31C8-42A4-9D6A-76F07259706F}.AppStore|Any CPU.Build.0 = Release|Any CPU
		{01800CD0-31C8-42A4-9D6A-76F07259706F}.AppStore|ARM.ActiveCfg = Release|Any CPU
		{01800CD0-31C8-42A4-9D6A-76F07259706F}.AppStore|ARM.Build.0 = Release|Any CPU
		{01800CD0-31C8-42A4-9D6A-76F07259706F}.AppStore|ARM64.ActiveCfg = Release|Any CPU
		{01800CD0-31C8-42A4-9D6A-76F07259706F}.AppStore|ARM64.Build.0 = Release|Any CPU
		{01800CD0-31C8-42A4-9D6A-76F07259706F}.AppStore|iPhone.ActiveCfg = Release|Any CPU
		{01800CD0-31C8-42A4-9D6A-76F07259706F}.AppStore|iPhone.Build.0 = Release|Any CPU
		{01800CD0-31C8-42A4-9D6A-76F07259706F}.AppStore|iPhoneSimulator.ActiveCfg = Release|Any CPU
		{01800CD0-31C8-42A4-9D6A-76F07259706F}.AppStore|iPhoneSimulator.Build.0 = Release|Any CPU
		{01800CD0-31C8-42A4-9D6A-76F07259706F}.AppStore|x64.ActiveCfg = Release|Any CPU
		{01800CD0-31C8-42A4-9D6A-76F07259706F}.AppStore|x64.Build.0 = Release|Any CPU
		{01800CD0-31C8-42A4-9D6A-76F07259706F}.AppStore|x86.ActiveCfg = Release|Any CPU
		{01800CD0-31C8-42A4-9D6A-76F07259706F}.AppStore|x86.Build.0 = Release|Any CPU
		{01800CD0-31C8-42A4-9D6A-76F07259706F}.Debug|Any CPU.ActiveCfg = Debug|Any CPU
		{01800CD0-31C8-42A4-9D6A-76F07259706F}.Debug|Any CPU.Build.0 = Debug|Any CPU
		{01800CD0-31C8-42A4-9D6A-76F07259706F}.Debug|ARM.ActiveCfg = Debug|Any CPU
		{01800CD0-31C8-42A4-9D6A-76F07259706F}.Debug|ARM.Build.0 = Debug|Any CPU
		{01800CD0-31C8-42A4-9D6A-76F07259706F}.Debug|ARM64.ActiveCfg = Debug|Any CPU
		{01800CD0-31C8-42A4-9D6A-76F07259706F}.Debug|ARM64.Build.0 = Debug|Any CPU
		{01800CD0-31C8-42A4-9D6A-76F07259706F}.Debug|iPhone.ActiveCfg = Debug|Any CPU
		{01800CD0-31C8-42A4-9D6A-76F07259706F}.Debug|iPhone.Build.0 = Debug|Any CPU
		{01800CD0-31C8-42A4-9D6A-76F07259706F}.Debug|iPhoneSimulator.ActiveCfg = Debug|Any CPU
		{01800CD0-31C8-42A4-9D6A-76F07259706F}.Debug|iPhoneSimulator.Build.0 = Debug|Any CPU
		{01800CD0-31C8-42A4-9D6A-76F07259706F}.Debug|x64.ActiveCfg = Debug|Any CPU
		{01800CD0-31C8-42A4-9D6A-76F07259706F}.Debug|x64.Build.0 = Debug|Any CPU
		{01800CD0-31C8-42A4-9D6A-76F07259706F}.Debug|x86.ActiveCfg = Debug|Any CPU
		{01800CD0-31C8-42A4-9D6A-76F07259706F}.Debug|x86.Build.0 = Debug|Any CPU
		{01800CD0-31C8-42A4-9D6A-76F07259706F}.Release|Any CPU.ActiveCfg = Release|Any CPU
		{01800CD0-31C8-42A4-9D6A-76F07259706F}.Release|Any CPU.Build.0 = Release|Any CPU
		{01800CD0-31C8-42A4-9D6A-76F07259706F}.Release|ARM.ActiveCfg = Release|Any CPU
		{01800CD0-31C8-42A4-9D6A-76F07259706F}.Release|ARM.Build.0 = Release|Any CPU
		{01800CD0-31C8-42A4-9D6A-76F07259706F}.Release|ARM64.ActiveCfg = Release|Any CPU
		{01800CD0-31C8-42A4-9D6A-76F07259706F}.Release|ARM64.Build.0 = Release|Any CPU
		{01800CD0-31C8-42A4-9D6A-76F07259706F}.Release|iPhone.ActiveCfg = Release|Any CPU
		{01800CD0-31C8-42A4-9D6A-76F07259706F}.Release|iPhone.Build.0 = Release|Any CPU
		{01800CD0-31C8-42A4-9D6A-76F07259706F}.Release|iPhoneSimulator.ActiveCfg = Release|Any CPU
		{01800CD0-31C8-42A4-9D6A-76F07259706F}.Release|iPhoneSimulator.Build.0 = Release|Any CPU
		{01800CD0-31C8-42A4-9D6A-76F07259706F}.Release|x64.ActiveCfg = Release|Any CPU
		{01800CD0-31C8-42A4-9D6A-76F07259706F}.Release|x64.Build.0 = Release|Any CPU
		{01800CD0-31C8-42A4-9D6A-76F07259706F}.Release|x86.ActiveCfg = Release|Any CPU
		{01800CD0-31C8-42A4-9D6A-76F07259706F}.Release|x86.Build.0 = Release|Any CPU
		{A9DBB496-95EB-4123-A071-E5319FEC49B8}.Ad-Hoc|Any CPU.ActiveCfg = Release|Any CPU
		{A9DBB496-95EB-4123-A071-E5319FEC49B8}.Ad-Hoc|Any CPU.Build.0 = Release|Any CPU
		{A9DBB496-95EB-4123-A071-E5319FEC49B8}.Ad-Hoc|ARM.ActiveCfg = Release|Any CPU
		{A9DBB496-95EB-4123-A071-E5319FEC49B8}.Ad-Hoc|ARM.Build.0 = Release|Any CPU
		{A9DBB496-95EB-4123-A071-E5319FEC49B8}.Ad-Hoc|ARM64.ActiveCfg = Release|Any CPU
		{A9DBB496-95EB-4123-A071-E5319FEC49B8}.Ad-Hoc|ARM64.Build.0 = Release|Any CPU
		{A9DBB496-95EB-4123-A071-E5319FEC49B8}.Ad-Hoc|iPhone.ActiveCfg = Release|Any CPU
		{A9DBB496-95EB-4123-A071-E5319FEC49B8}.Ad-Hoc|iPhone.Build.0 = Release|Any CPU
		{A9DBB496-95EB-4123-A071-E5319FEC49B8}.Ad-Hoc|iPhoneSimulator.ActiveCfg = Release|Any CPU
		{A9DBB496-95EB-4123-A071-E5319FEC49B8}.Ad-Hoc|iPhoneSimulator.Build.0 = Release|Any CPU
		{A9DBB496-95EB-4123-A071-E5319FEC49B8}.Ad-Hoc|x64.ActiveCfg = Release|Any CPU
		{A9DBB496-95EB-4123-A071-E5319FEC49B8}.Ad-Hoc|x64.Build.0 = Release|Any CPU
		{A9DBB496-95EB-4123-A071-E5319FEC49B8}.Ad-Hoc|x86.ActiveCfg = Release|Any CPU
		{A9DBB496-95EB-4123-A071-E5319FEC49B8}.Ad-Hoc|x86.Build.0 = Release|Any CPU
		{A9DBB496-95EB-4123-A071-E5319FEC49B8}.AppStore|Any CPU.ActiveCfg = Release|Any CPU
		{A9DBB496-95EB-4123-A071-E5319FEC49B8}.AppStore|Any CPU.Build.0 = Release|Any CPU
		{A9DBB496-95EB-4123-A071-E5319FEC49B8}.AppStore|ARM.ActiveCfg = Release|Any CPU
		{A9DBB496-95EB-4123-A071-E5319FEC49B8}.AppStore|ARM.Build.0 = Release|Any CPU
		{A9DBB496-95EB-4123-A071-E5319FEC49B8}.AppStore|ARM64.ActiveCfg = Release|Any CPU
		{A9DBB496-95EB-4123-A071-E5319FEC49B8}.AppStore|ARM64.Build.0 = Release|Any CPU
		{A9DBB496-95EB-4123-A071-E5319FEC49B8}.AppStore|iPhone.ActiveCfg = Release|Any CPU
		{A9DBB496-95EB-4123-A071-E5319FEC49B8}.AppStore|iPhone.Build.0 = Release|Any CPU
		{A9DBB496-95EB-4123-A071-E5319FEC49B8}.AppStore|iPhoneSimulator.ActiveCfg = Release|Any CPU
		{A9DBB496-95EB-4123-A071-E5319FEC49B8}.AppStore|iPhoneSimulator.Build.0 = Release|Any CPU
		{A9DBB496-95EB-4123-A071-E5319FEC49B8}.AppStore|x64.ActiveCfg = Release|Any CPU
		{A9DBB496-95EB-4123-A071-E5319FEC49B8}.AppStore|x64.Build.0 = Release|Any CPU
		{A9DBB496-95EB-4123-A071-E5319FEC49B8}.AppStore|x86.ActiveCfg = Release|Any CPU
		{A9DBB496-95EB-4123-A071-E5319FEC49B8}.AppStore|x86.Build.0 = Release|Any CPU
		{A9DBB496-95EB-4123-A071-E5319FEC49B8}.Debug|Any CPU.ActiveCfg = Debug|Any CPU
		{A9DBB496-95EB-4123-A071-E5319FEC49B8}.Debug|Any CPU.Build.0 = Debug|Any CPU
		{A9DBB496-95EB-4123-A071-E5319FEC49B8}.Debug|ARM.ActiveCfg = Debug|Any CPU
		{A9DBB496-95EB-4123-A071-E5319FEC49B8}.Debug|ARM.Build.0 = Debug|Any CPU
		{A9DBB496-95EB-4123-A071-E5319FEC49B8}.Debug|ARM64.ActiveCfg = Debug|Any CPU
		{A9DBB496-95EB-4123-A071-E5319FEC49B8}.Debug|ARM64.Build.0 = Debug|Any CPU
		{A9DBB496-95EB-4123-A071-E5319FEC49B8}.Debug|iPhone.ActiveCfg = Debug|Any CPU
		{A9DBB496-95EB-4123-A071-E5319FEC49B8}.Debug|iPhone.Build.0 = Debug|Any CPU
		{A9DBB496-95EB-4123-A071-E5319FEC49B8}.Debug|iPhoneSimulator.ActiveCfg = Debug|Any CPU
		{A9DBB496-95EB-4123-A071-E5319FEC49B8}.Debug|iPhoneSimulator.Build.0 = Debug|Any CPU
		{A9DBB496-95EB-4123-A071-E5319FEC49B8}.Debug|x64.ActiveCfg = Debug|Any CPU
		{A9DBB496-95EB-4123-A071-E5319FEC49B8}.Debug|x64.Build.0 = Debug|Any CPU
		{A9DBB496-95EB-4123-A071-E5319FEC49B8}.Debug|x86.ActiveCfg = Debug|Any CPU
		{A9DBB496-95EB-4123-A071-E5319FEC49B8}.Debug|x86.Build.0 = Debug|Any CPU
		{A9DBB496-95EB-4123-A071-E5319FEC49B8}.Release|Any CPU.ActiveCfg = Release|Any CPU
		{A9DBB496-95EB-4123-A071-E5319FEC49B8}.Release|Any CPU.Build.0 = Release|Any CPU
		{A9DBB496-95EB-4123-A071-E5319FEC49B8}.Release|ARM.ActiveCfg = Release|Any CPU
		{A9DBB496-95EB-4123-A071-E5319FEC49B8}.Release|ARM.Build.0 = Release|Any CPU
		{A9DBB496-95EB-4123-A071-E5319FEC49B8}.Release|ARM64.ActiveCfg = Release|Any CPU
		{A9DBB496-95EB-4123-A071-E5319FEC49B8}.Release|ARM64.Build.0 = Release|Any CPU
		{A9DBB496-95EB-4123-A071-E5319FEC49B8}.Release|iPhone.ActiveCfg = Release|Any CPU
		{A9DBB496-95EB-4123-A071-E5319FEC49B8}.Release|iPhone.Build.0 = Release|Any CPU
		{A9DBB496-95EB-4123-A071-E5319FEC49B8}.Release|iPhoneSimulator.ActiveCfg = Release|Any CPU
		{A9DBB496-95EB-4123-A071-E5319FEC49B8}.Release|iPhoneSimulator.Build.0 = Release|Any CPU
		{A9DBB496-95EB-4123-A071-E5319FEC49B8}.Release|x64.ActiveCfg = Release|Any CPU
		{A9DBB496-95EB-4123-A071-E5319FEC49B8}.Release|x64.Build.0 = Release|Any CPU
		{A9DBB496-95EB-4123-A071-E5319FEC49B8}.Release|x86.ActiveCfg = Release|Any CPU
		{A9DBB496-95EB-4123-A071-E5319FEC49B8}.Release|x86.Build.0 = Release|Any CPU
		{0A500706-8DC3-41DC-8694-64CBF4EA28B9}.Ad-Hoc|Any CPU.ActiveCfg = Release|Any CPU
		{0A500706-8DC3-41DC-8694-64CBF4EA28B9}.Ad-Hoc|Any CPU.Build.0 = Release|Any CPU
		{0A500706-8DC3-41DC-8694-64CBF4EA28B9}.Ad-Hoc|ARM.ActiveCfg = Release|Any CPU
		{0A500706-8DC3-41DC-8694-64CBF4EA28B9}.Ad-Hoc|ARM.Build.0 = Release|Any CPU
		{0A500706-8DC3-41DC-8694-64CBF4EA28B9}.Ad-Hoc|ARM64.ActiveCfg = Release|Any CPU
		{0A500706-8DC3-41DC-8694-64CBF4EA28B9}.Ad-Hoc|ARM64.Build.0 = Release|Any CPU
		{0A500706-8DC3-41DC-8694-64CBF4EA28B9}.Ad-Hoc|iPhone.ActiveCfg = Release|Any CPU
		{0A500706-8DC3-41DC-8694-64CBF4EA28B9}.Ad-Hoc|iPhone.Build.0 = Release|Any CPU
		{0A500706-8DC3-41DC-8694-64CBF4EA28B9}.Ad-Hoc|iPhoneSimulator.ActiveCfg = Release|Any CPU
		{0A500706-8DC3-41DC-8694-64CBF4EA28B9}.Ad-Hoc|iPhoneSimulator.Build.0 = Release|Any CPU
		{0A500706-8DC3-41DC-8694-64CBF4EA28B9}.Ad-Hoc|x64.ActiveCfg = Release|Any CPU
		{0A500706-8DC3-41DC-8694-64CBF4EA28B9}.Ad-Hoc|x64.Build.0 = Release|Any CPU
		{0A500706-8DC3-41DC-8694-64CBF4EA28B9}.Ad-Hoc|x86.ActiveCfg = Release|Any CPU
		{0A500706-8DC3-41DC-8694-64CBF4EA28B9}.Ad-Hoc|x86.Build.0 = Release|Any CPU
		{0A500706-8DC3-41DC-8694-64CBF4EA28B9}.AppStore|Any CPU.ActiveCfg = Release|Any CPU
		{0A500706-8DC3-41DC-8694-64CBF4EA28B9}.AppStore|Any CPU.Build.0 = Release|Any CPU
		{0A500706-8DC3-41DC-8694-64CBF4EA28B9}.AppStore|ARM.ActiveCfg = Release|Any CPU
		{0A500706-8DC3-41DC-8694-64CBF4EA28B9}.AppStore|ARM.Build.0 = Release|Any CPU
		{0A500706-8DC3-41DC-8694-64CBF4EA28B9}.AppStore|ARM64.ActiveCfg = Release|Any CPU
		{0A500706-8DC3-41DC-8694-64CBF4EA28B9}.AppStore|ARM64.Build.0 = Release|Any CPU
		{0A500706-8DC3-41DC-8694-64CBF4EA28B9}.AppStore|iPhone.ActiveCfg = Release|Any CPU
		{0A500706-8DC3-41DC-8694-64CBF4EA28B9}.AppStore|iPhone.Build.0 = Release|Any CPU
		{0A500706-8DC3-41DC-8694-64CBF4EA28B9}.AppStore|iPhoneSimulator.ActiveCfg = Release|Any CPU
		{0A500706-8DC3-41DC-8694-64CBF4EA28B9}.AppStore|iPhoneSimulator.Build.0 = Release|Any CPU
		{0A500706-8DC3-41DC-8694-64CBF4EA28B9}.AppStore|x64.ActiveCfg = Release|Any CPU
		{0A500706-8DC3-41DC-8694-64CBF4EA28B9}.AppStore|x64.Build.0 = Release|Any CPU
		{0A500706-8DC3-41DC-8694-64CBF4EA28B9}.AppStore|x86.ActiveCfg = Release|Any CPU
		{0A500706-8DC3-41DC-8694-64CBF4EA28B9}.AppStore|x86.Build.0 = Release|Any CPU
		{0A500706-8DC3-41DC-8694-64CBF4EA28B9}.Debug|Any CPU.ActiveCfg = Debug|Any CPU
		{0A500706-8DC3-41DC-8694-64CBF4EA28B9}.Debug|Any CPU.Build.0 = Debug|Any CPU
		{0A500706-8DC3-41DC-8694-64CBF4EA28B9}.Debug|ARM.ActiveCfg = Debug|Any CPU
		{0A500706-8DC3-41DC-8694-64CBF4EA28B9}.Debug|ARM.Build.0 = Debug|Any CPU
		{0A500706-8DC3-41DC-8694-64CBF4EA28B9}.Debug|ARM64.ActiveCfg = Debug|Any CPU
		{0A500706-8DC3-41DC-8694-64CBF4EA28B9}.Debug|ARM64.Build.0 = Debug|Any CPU
		{0A500706-8DC3-41DC-8694-64CBF4EA28B9}.Debug|iPhone.ActiveCfg = Debug|Any CPU
		{0A500706-8DC3-41DC-8694-64CBF4EA28B9}.Debug|iPhone.Build.0 = Debug|Any CPU
		{0A500706-8DC3-41DC-8694-64CBF4EA28B9}.Debug|iPhoneSimulator.ActiveCfg = Debug|Any CPU
		{0A500706-8DC3-41DC-8694-64CBF4EA28B9}.Debug|iPhoneSimulator.Build.0 = Debug|Any CPU
		{0A500706-8DC3-41DC-8694-64CBF4EA28B9}.Debug|x64.ActiveCfg = Debug|Any CPU
		{0A500706-8DC3-41DC-8694-64CBF4EA28B9}.Debug|x64.Build.0 = Debug|Any CPU
		{0A500706-8DC3-41DC-8694-64CBF4EA28B9}.Debug|x86.ActiveCfg = Debug|Any CPU
		{0A500706-8DC3-41DC-8694-64CBF4EA28B9}.Debug|x86.Build.0 = Debug|Any CPU
		{0A500706-8DC3-41DC-8694-64CBF4EA28B9}.Release|Any CPU.ActiveCfg = Release|Any CPU
		{0A500706-8DC3-41DC-8694-64CBF4EA28B9}.Release|Any CPU.Build.0 = Release|Any CPU
		{0A500706-8DC3-41DC-8694-64CBF4EA28B9}.Release|ARM.ActiveCfg = Release|Any CPU
		{0A500706-8DC3-41DC-8694-64CBF4EA28B9}.Release|ARM.Build.0 = Release|Any CPU
		{0A500706-8DC3-41DC-8694-64CBF4EA28B9}.Release|ARM64.ActiveCfg = Release|Any CPU
		{0A500706-8DC3-41DC-8694-64CBF4EA28B9}.Release|ARM64.Build.0 = Release|Any CPU
		{0A500706-8DC3-41DC-8694-64CBF4EA28B9}.Release|iPhone.ActiveCfg = Release|Any CPU
		{0A500706-8DC3-41DC-8694-64CBF4EA28B9}.Release|iPhone.Build.0 = Release|Any CPU
		{0A500706-8DC3-41DC-8694-64CBF4EA28B9}.Release|iPhoneSimulator.ActiveCfg = Release|Any CPU
		{0A500706-8DC3-41DC-8694-64CBF4EA28B9}.Release|iPhoneSimulator.Build.0 = Release|Any CPU
		{0A500706-8DC3-41DC-8694-64CBF4EA28B9}.Release|x64.ActiveCfg = Release|Any CPU
		{0A500706-8DC3-41DC-8694-64CBF4EA28B9}.Release|x64.Build.0 = Release|Any CPU
		{0A500706-8DC3-41DC-8694-64CBF4EA28B9}.Release|x86.ActiveCfg = Release|Any CPU
		{0A500706-8DC3-41DC-8694-64CBF4EA28B9}.Release|x86.Build.0 = Release|Any CPU
		{A041FED1-9FEB-46DA-A307-DCEC349D23BE}.Ad-Hoc|Any CPU.ActiveCfg = Release|Any CPU
		{A041FED1-9FEB-46DA-A307-DCEC349D23BE}.Ad-Hoc|Any CPU.Build.0 = Release|Any CPU
		{A041FED1-9FEB-46DA-A307-DCEC349D23BE}.Ad-Hoc|ARM.ActiveCfg = Release|Any CPU
		{A041FED1-9FEB-46DA-A307-DCEC349D23BE}.Ad-Hoc|ARM.Build.0 = Release|Any CPU
		{A041FED1-9FEB-46DA-A307-DCEC349D23BE}.Ad-Hoc|ARM64.ActiveCfg = Release|Any CPU
		{A041FED1-9FEB-46DA-A307-DCEC349D23BE}.Ad-Hoc|ARM64.Build.0 = Release|Any CPU
		{A041FED1-9FEB-46DA-A307-DCEC349D23BE}.Ad-Hoc|iPhone.ActiveCfg = Release|Any CPU
		{A041FED1-9FEB-46DA-A307-DCEC349D23BE}.Ad-Hoc|iPhone.Build.0 = Release|Any CPU
		{A041FED1-9FEB-46DA-A307-DCEC349D23BE}.Ad-Hoc|iPhoneSimulator.ActiveCfg = Release|Any CPU
		{A041FED1-9FEB-46DA-A307-DCEC349D23BE}.Ad-Hoc|iPhoneSimulator.Build.0 = Release|Any CPU
		{A041FED1-9FEB-46DA-A307-DCEC349D23BE}.Ad-Hoc|x64.ActiveCfg = Release|Any CPU
		{A041FED1-9FEB-46DA-A307-DCEC349D23BE}.Ad-Hoc|x64.Build.0 = Release|Any CPU
		{A041FED1-9FEB-46DA-A307-DCEC349D23BE}.Ad-Hoc|x86.ActiveCfg = Release|Any CPU
		{A041FED1-9FEB-46DA-A307-DCEC349D23BE}.Ad-Hoc|x86.Build.0 = Release|Any CPU
		{A041FED1-9FEB-46DA-A307-DCEC349D23BE}.AppStore|Any CPU.ActiveCfg = Release|Any CPU
		{A041FED1-9FEB-46DA-A307-DCEC349D23BE}.AppStore|Any CPU.Build.0 = Release|Any CPU
		{A041FED1-9FEB-46DA-A307-DCEC349D23BE}.AppStore|ARM.ActiveCfg = Release|Any CPU
		{A041FED1-9FEB-46DA-A307-DCEC349D23BE}.AppStore|ARM.Build.0 = Release|Any CPU
		{A041FED1-9FEB-46DA-A307-DCEC349D23BE}.AppStore|ARM64.ActiveCfg = Release|Any CPU
		{A041FED1-9FEB-46DA-A307-DCEC349D23BE}.AppStore|ARM64.Build.0 = Release|Any CPU
		{A041FED1-9FEB-46DA-A307-DCEC349D23BE}.AppStore|iPhone.ActiveCfg = Release|Any CPU
		{A041FED1-9FEB-46DA-A307-DCEC349D23BE}.AppStore|iPhone.Build.0 = Release|Any CPU
		{A041FED1-9FEB-46DA-A307-DCEC349D23BE}.AppStore|iPhoneSimulator.ActiveCfg = Release|Any CPU
		{A041FED1-9FEB-46DA-A307-DCEC349D23BE}.AppStore|iPhoneSimulator.Build.0 = Release|Any CPU
		{A041FED1-9FEB-46DA-A307-DCEC349D23BE}.AppStore|x64.ActiveCfg = Release|Any CPU
		{A041FED1-9FEB-46DA-A307-DCEC349D23BE}.AppStore|x64.Build.0 = Release|Any CPU
		{A041FED1-9FEB-46DA-A307-DCEC349D23BE}.AppStore|x86.ActiveCfg = Release|Any CPU
		{A041FED1-9FEB-46DA-A307-DCEC349D23BE}.AppStore|x86.Build.0 = Release|Any CPU
		{A041FED1-9FEB-46DA-A307-DCEC349D23BE}.Debug|Any CPU.ActiveCfg = Debug|Any CPU
		{A041FED1-9FEB-46DA-A307-DCEC349D23BE}.Debug|Any CPU.Build.0 = Debug|Any CPU
		{A041FED1-9FEB-46DA-A307-DCEC349D23BE}.Debug|ARM.ActiveCfg = Debug|Any CPU
		{A041FED1-9FEB-46DA-A307-DCEC349D23BE}.Debug|ARM.Build.0 = Debug|Any CPU
		{A041FED1-9FEB-46DA-A307-DCEC349D23BE}.Debug|ARM64.ActiveCfg = Debug|Any CPU
		{A041FED1-9FEB-46DA-A307-DCEC349D23BE}.Debug|ARM64.Build.0 = Debug|Any CPU
		{A041FED1-9FEB-46DA-A307-DCEC349D23BE}.Debug|iPhone.ActiveCfg = Debug|Any CPU
		{A041FED1-9FEB-46DA-A307-DCEC349D23BE}.Debug|iPhone.Build.0 = Debug|Any CPU
		{A041FED1-9FEB-46DA-A307-DCEC349D23BE}.Debug|iPhoneSimulator.ActiveCfg = Debug|Any CPU
		{A041FED1-9FEB-46DA-A307-DCEC349D23BE}.Debug|iPhoneSimulator.Build.0 = Debug|Any CPU
		{A041FED1-9FEB-46DA-A307-DCEC349D23BE}.Debug|x64.ActiveCfg = Debug|Any CPU
		{A041FED1-9FEB-46DA-A307-DCEC349D23BE}.Debug|x64.Build.0 = Debug|Any CPU
		{A041FED1-9FEB-46DA-A307-DCEC349D23BE}.Debug|x86.ActiveCfg = Debug|Any CPU
		{A041FED1-9FEB-46DA-A307-DCEC349D23BE}.Debug|x86.Build.0 = Debug|Any CPU
		{A041FED1-9FEB-46DA-A307-DCEC349D23BE}.Release|Any CPU.ActiveCfg = Release|Any CPU
		{A041FED1-9FEB-46DA-A307-DCEC349D23BE}.Release|Any CPU.Build.0 = Release|Any CPU
		{A041FED1-9FEB-46DA-A307-DCEC349D23BE}.Release|ARM.ActiveCfg = Release|Any CPU
		{A041FED1-9FEB-46DA-A307-DCEC349D23BE}.Release|ARM.Build.0 = Release|Any CPU
		{A041FED1-9FEB-46DA-A307-DCEC349D23BE}.Release|ARM64.ActiveCfg = Release|Any CPU
		{A041FED1-9FEB-46DA-A307-DCEC349D23BE}.Release|ARM64.Build.0 = Release|Any CPU
		{A041FED1-9FEB-46DA-A307-DCEC349D23BE}.Release|iPhone.ActiveCfg = Release|Any CPU
		{A041FED1-9FEB-46DA-A307-DCEC349D23BE}.Release|iPhone.Build.0 = Release|Any CPU
		{A041FED1-9FEB-46DA-A307-DCEC349D23BE}.Release|iPhoneSimulator.ActiveCfg = Release|Any CPU
		{A041FED1-9FEB-46DA-A307-DCEC349D23BE}.Release|iPhoneSimulator.Build.0 = Release|Any CPU
		{A041FED1-9FEB-46DA-A307-DCEC349D23BE}.Release|x64.ActiveCfg = Release|Any CPU
		{A041FED1-9FEB-46DA-A307-DCEC349D23BE}.Release|x64.Build.0 = Release|Any CPU
		{A041FED1-9FEB-46DA-A307-DCEC349D23BE}.Release|x86.ActiveCfg = Release|Any CPU
		{A041FED1-9FEB-46DA-A307-DCEC349D23BE}.Release|x86.Build.0 = Release|Any CPU
		{F82BE2CF-9981-4C49-8F06-57409A5EF5EB}.Ad-Hoc|Any CPU.ActiveCfg = Release|Any CPU
		{F82BE2CF-9981-4C49-8F06-57409A5EF5EB}.Ad-Hoc|Any CPU.Build.0 = Release|Any CPU
		{F82BE2CF-9981-4C49-8F06-57409A5EF5EB}.Ad-Hoc|ARM.ActiveCfg = Release|ARM
		{F82BE2CF-9981-4C49-8F06-57409A5EF5EB}.Ad-Hoc|ARM.Build.0 = Release|ARM
		{F82BE2CF-9981-4C49-8F06-57409A5EF5EB}.Ad-Hoc|ARM64.ActiveCfg = Release|ARM64
		{F82BE2CF-9981-4C49-8F06-57409A5EF5EB}.Ad-Hoc|ARM64.Build.0 = Release|ARM64
		{F82BE2CF-9981-4C49-8F06-57409A5EF5EB}.Ad-Hoc|iPhone.ActiveCfg = Release|Any CPU
		{F82BE2CF-9981-4C49-8F06-57409A5EF5EB}.Ad-Hoc|iPhone.Build.0 = Release|Any CPU
		{F82BE2CF-9981-4C49-8F06-57409A5EF5EB}.Ad-Hoc|iPhoneSimulator.ActiveCfg = Release|Any CPU
		{F82BE2CF-9981-4C49-8F06-57409A5EF5EB}.Ad-Hoc|iPhoneSimulator.Build.0 = Release|Any CPU
		{F82BE2CF-9981-4C49-8F06-57409A5EF5EB}.Ad-Hoc|x64.ActiveCfg = Release|x64
		{F82BE2CF-9981-4C49-8F06-57409A5EF5EB}.Ad-Hoc|x64.Build.0 = Release|x64
		{F82BE2CF-9981-4C49-8F06-57409A5EF5EB}.Ad-Hoc|x86.ActiveCfg = Release|x86
		{F82BE2CF-9981-4C49-8F06-57409A5EF5EB}.Ad-Hoc|x86.Build.0 = Release|x86
		{F82BE2CF-9981-4C49-8F06-57409A5EF5EB}.AppStore|Any CPU.ActiveCfg = Release|Any CPU
		{F82BE2CF-9981-4C49-8F06-57409A5EF5EB}.AppStore|Any CPU.Build.0 = Release|Any CPU
		{F82BE2CF-9981-4C49-8F06-57409A5EF5EB}.AppStore|ARM.ActiveCfg = Release|ARM
		{F82BE2CF-9981-4C49-8F06-57409A5EF5EB}.AppStore|ARM.Build.0 = Release|ARM
		{F82BE2CF-9981-4C49-8F06-57409A5EF5EB}.AppStore|ARM64.ActiveCfg = Release|ARM64
		{F82BE2CF-9981-4C49-8F06-57409A5EF5EB}.AppStore|ARM64.Build.0 = Release|ARM64
		{F82BE2CF-9981-4C49-8F06-57409A5EF5EB}.AppStore|iPhone.ActiveCfg = Release|Any CPU
		{F82BE2CF-9981-4C49-8F06-57409A5EF5EB}.AppStore|iPhone.Build.0 = Release|Any CPU
		{F82BE2CF-9981-4C49-8F06-57409A5EF5EB}.AppStore|iPhoneSimulator.ActiveCfg = Release|Any CPU
		{F82BE2CF-9981-4C49-8F06-57409A5EF5EB}.AppStore|iPhoneSimulator.Build.0 = Release|Any CPU
		{F82BE2CF-9981-4C49-8F06-57409A5EF5EB}.AppStore|x64.ActiveCfg = Release|x64
		{F82BE2CF-9981-4C49-8F06-57409A5EF5EB}.AppStore|x64.Build.0 = Release|x64
		{F82BE2CF-9981-4C49-8F06-57409A5EF5EB}.AppStore|x86.ActiveCfg = Release|x86
		{F82BE2CF-9981-4C49-8F06-57409A5EF5EB}.AppStore|x86.Build.0 = Release|x86
		{F82BE2CF-9981-4C49-8F06-57409A5EF5EB}.Debug|Any CPU.ActiveCfg = Debug|Any CPU
		{F82BE2CF-9981-4C49-8F06-57409A5EF5EB}.Debug|Any CPU.Build.0 = Debug|Any CPU
		{F82BE2CF-9981-4C49-8F06-57409A5EF5EB}.Debug|ARM.ActiveCfg = Debug|ARM
		{F82BE2CF-9981-4C49-8F06-57409A5EF5EB}.Debug|ARM.Build.0 = Debug|ARM
		{F82BE2CF-9981-4C49-8F06-57409A5EF5EB}.Debug|ARM64.ActiveCfg = Debug|ARM64
		{F82BE2CF-9981-4C49-8F06-57409A5EF5EB}.Debug|ARM64.Build.0 = Debug|ARM64
		{F82BE2CF-9981-4C49-8F06-57409A5EF5EB}.Debug|iPhone.ActiveCfg = Debug|Any CPU
		{F82BE2CF-9981-4C49-8F06-57409A5EF5EB}.Debug|iPhone.Build.0 = Debug|Any CPU
		{F82BE2CF-9981-4C49-8F06-57409A5EF5EB}.Debug|iPhoneSimulator.ActiveCfg = Debug|Any CPU
		{F82BE2CF-9981-4C49-8F06-57409A5EF5EB}.Debug|iPhoneSimulator.Build.0 = Debug|Any CPU
		{F82BE2CF-9981-4C49-8F06-57409A5EF5EB}.Debug|x64.ActiveCfg = Debug|x64
		{F82BE2CF-9981-4C49-8F06-57409A5EF5EB}.Debug|x64.Build.0 = Debug|x64
		{F82BE2CF-9981-4C49-8F06-57409A5EF5EB}.Debug|x86.ActiveCfg = Debug|x86
		{F82BE2CF-9981-4C49-8F06-57409A5EF5EB}.Debug|x86.Build.0 = Debug|x86
		{F82BE2CF-9981-4C49-8F06-57409A5EF5EB}.Release|Any CPU.ActiveCfg = Release|Any CPU
		{F82BE2CF-9981-4C49-8F06-57409A5EF5EB}.Release|Any CPU.Build.0 = Release|Any CPU
		{F82BE2CF-9981-4C49-8F06-57409A5EF5EB}.Release|ARM.ActiveCfg = Release|ARM
		{F82BE2CF-9981-4C49-8F06-57409A5EF5EB}.Release|ARM.Build.0 = Release|ARM
		{F82BE2CF-9981-4C49-8F06-57409A5EF5EB}.Release|ARM64.ActiveCfg = Release|ARM64
		{F82BE2CF-9981-4C49-8F06-57409A5EF5EB}.Release|ARM64.Build.0 = Release|ARM64
		{F82BE2CF-9981-4C49-8F06-57409A5EF5EB}.Release|iPhone.ActiveCfg = Release|Any CPU
		{F82BE2CF-9981-4C49-8F06-57409A5EF5EB}.Release|iPhone.Build.0 = Release|Any CPU
		{F82BE2CF-9981-4C49-8F06-57409A5EF5EB}.Release|iPhoneSimulator.ActiveCfg = Release|Any CPU
		{F82BE2CF-9981-4C49-8F06-57409A5EF5EB}.Release|iPhoneSimulator.Build.0 = Release|Any CPU
		{F82BE2CF-9981-4C49-8F06-57409A5EF5EB}.Release|x64.ActiveCfg = Release|x64
		{F82BE2CF-9981-4C49-8F06-57409A5EF5EB}.Release|x64.Build.0 = Release|x64
		{F82BE2CF-9981-4C49-8F06-57409A5EF5EB}.Release|x86.ActiveCfg = Release|x86
		{F82BE2CF-9981-4C49-8F06-57409A5EF5EB}.Release|x86.Build.0 = Release|x86
		{CB0A3CF6-6C2A-4EDE-BB1F-60E6AEE7ADFD}.Ad-Hoc|Any CPU.ActiveCfg = Release|Any CPU
		{CB0A3CF6-6C2A-4EDE-BB1F-60E6AEE7ADFD}.Ad-Hoc|Any CPU.Build.0 = Release|Any CPU
		{CB0A3CF6-6C2A-4EDE-BB1F-60E6AEE7ADFD}.Ad-Hoc|ARM.ActiveCfg = Release|Any CPU
		{CB0A3CF6-6C2A-4EDE-BB1F-60E6AEE7ADFD}.Ad-Hoc|ARM.Build.0 = Release|Any CPU
		{CB0A3CF6-6C2A-4EDE-BB1F-60E6AEE7ADFD}.Ad-Hoc|ARM64.ActiveCfg = Release|Any CPU
		{CB0A3CF6-6C2A-4EDE-BB1F-60E6AEE7ADFD}.Ad-Hoc|ARM64.Build.0 = Release|Any CPU
		{CB0A3CF6-6C2A-4EDE-BB1F-60E6AEE7ADFD}.Ad-Hoc|iPhone.ActiveCfg = Release|Any CPU
		{CB0A3CF6-6C2A-4EDE-BB1F-60E6AEE7ADFD}.Ad-Hoc|iPhone.Build.0 = Release|Any CPU
		{CB0A3CF6-6C2A-4EDE-BB1F-60E6AEE7ADFD}.Ad-Hoc|iPhoneSimulator.ActiveCfg = Release|Any CPU
		{CB0A3CF6-6C2A-4EDE-BB1F-60E6AEE7ADFD}.Ad-Hoc|iPhoneSimulator.Build.0 = Release|Any CPU
		{CB0A3CF6-6C2A-4EDE-BB1F-60E6AEE7ADFD}.Ad-Hoc|x64.ActiveCfg = Release|Any CPU
		{CB0A3CF6-6C2A-4EDE-BB1F-60E6AEE7ADFD}.Ad-Hoc|x64.Build.0 = Release|Any CPU
		{CB0A3CF6-6C2A-4EDE-BB1F-60E6AEE7ADFD}.Ad-Hoc|x86.ActiveCfg = Release|Any CPU
		{CB0A3CF6-6C2A-4EDE-BB1F-60E6AEE7ADFD}.Ad-Hoc|x86.Build.0 = Release|Any CPU
		{CB0A3CF6-6C2A-4EDE-BB1F-60E6AEE7ADFD}.AppStore|Any CPU.ActiveCfg = Release|Any CPU
		{CB0A3CF6-6C2A-4EDE-BB1F-60E6AEE7ADFD}.AppStore|Any CPU.Build.0 = Release|Any CPU
		{CB0A3CF6-6C2A-4EDE-BB1F-60E6AEE7ADFD}.AppStore|ARM.ActiveCfg = Release|Any CPU
		{CB0A3CF6-6C2A-4EDE-BB1F-60E6AEE7ADFD}.AppStore|ARM.Build.0 = Release|Any CPU
		{CB0A3CF6-6C2A-4EDE-BB1F-60E6AEE7ADFD}.AppStore|ARM64.ActiveCfg = Release|Any CPU
		{CB0A3CF6-6C2A-4EDE-BB1F-60E6AEE7ADFD}.AppStore|ARM64.Build.0 = Release|Any CPU
		{CB0A3CF6-6C2A-4EDE-BB1F-60E6AEE7ADFD}.AppStore|iPhone.ActiveCfg = Release|Any CPU
		{CB0A3CF6-6C2A-4EDE-BB1F-60E6AEE7ADFD}.AppStore|iPhone.Build.0 = Release|Any CPU
		{CB0A3CF6-6C2A-4EDE-BB1F-60E6AEE7ADFD}.AppStore|iPhoneSimulator.ActiveCfg = Release|Any CPU
		{CB0A3CF6-6C2A-4EDE-BB1F-60E6AEE7ADFD}.AppStore|iPhoneSimulator.Build.0 = Release|Any CPU
		{CB0A3CF6-6C2A-4EDE-BB1F-60E6AEE7ADFD}.AppStore|x64.ActiveCfg = Release|Any CPU
		{CB0A3CF6-6C2A-4EDE-BB1F-60E6AEE7ADFD}.AppStore|x64.Build.0 = Release|Any CPU
		{CB0A3CF6-6C2A-4EDE-BB1F-60E6AEE7ADFD}.AppStore|x86.ActiveCfg = Release|Any CPU
		{CB0A3CF6-6C2A-4EDE-BB1F-60E6AEE7ADFD}.AppStore|x86.Build.0 = Release|Any CPU
		{CB0A3CF6-6C2A-4EDE-BB1F-60E6AEE7ADFD}.Debug|Any CPU.ActiveCfg = Debug|Any CPU
		{CB0A3CF6-6C2A-4EDE-BB1F-60E6AEE7ADFD}.Debug|Any CPU.Build.0 = Debug|Any CPU
		{CB0A3CF6-6C2A-4EDE-BB1F-60E6AEE7ADFD}.Debug|ARM.ActiveCfg = Debug|Any CPU
		{CB0A3CF6-6C2A-4EDE-BB1F-60E6AEE7ADFD}.Debug|ARM.Build.0 = Debug|Any CPU
		{CB0A3CF6-6C2A-4EDE-BB1F-60E6AEE7ADFD}.Debug|ARM64.ActiveCfg = Debug|Any CPU
		{CB0A3CF6-6C2A-4EDE-BB1F-60E6AEE7ADFD}.Debug|ARM64.Build.0 = Debug|Any CPU
		{CB0A3CF6-6C2A-4EDE-BB1F-60E6AEE7ADFD}.Debug|iPhone.ActiveCfg = Debug|Any CPU
		{CB0A3CF6-6C2A-4EDE-BB1F-60E6AEE7ADFD}.Debug|iPhone.Build.0 = Debug|Any CPU
		{CB0A3CF6-6C2A-4EDE-BB1F-60E6AEE7ADFD}.Debug|iPhoneSimulator.ActiveCfg = Debug|Any CPU
		{CB0A3CF6-6C2A-4EDE-BB1F-60E6AEE7ADFD}.Debug|iPhoneSimulator.Build.0 = Debug|Any CPU
		{CB0A3CF6-6C2A-4EDE-BB1F-60E6AEE7ADFD}.Debug|x64.ActiveCfg = Debug|Any CPU
		{CB0A3CF6-6C2A-4EDE-BB1F-60E6AEE7ADFD}.Debug|x64.Build.0 = Debug|Any CPU
		{CB0A3CF6-6C2A-4EDE-BB1F-60E6AEE7ADFD}.Debug|x86.ActiveCfg = Debug|Any CPU
		{CB0A3CF6-6C2A-4EDE-BB1F-60E6AEE7ADFD}.Debug|x86.Build.0 = Debug|Any CPU
		{CB0A3CF6-6C2A-4EDE-BB1F-60E6AEE7ADFD}.Release|Any CPU.ActiveCfg = Release|Any CPU
		{CB0A3CF6-6C2A-4EDE-BB1F-60E6AEE7ADFD}.Release|Any CPU.Build.0 = Release|Any CPU
		{CB0A3CF6-6C2A-4EDE-BB1F-60E6AEE7ADFD}.Release|ARM.ActiveCfg = Release|Any CPU
		{CB0A3CF6-6C2A-4EDE-BB1F-60E6AEE7ADFD}.Release|ARM.Build.0 = Release|Any CPU
		{CB0A3CF6-6C2A-4EDE-BB1F-60E6AEE7ADFD}.Release|ARM64.ActiveCfg = Release|Any CPU
		{CB0A3CF6-6C2A-4EDE-BB1F-60E6AEE7ADFD}.Release|ARM64.Build.0 = Release|Any CPU
		{CB0A3CF6-6C2A-4EDE-BB1F-60E6AEE7ADFD}.Release|iPhone.ActiveCfg = Release|Any CPU
		{CB0A3CF6-6C2A-4EDE-BB1F-60E6AEE7ADFD}.Release|iPhone.Build.0 = Release|Any CPU
		{CB0A3CF6-6C2A-4EDE-BB1F-60E6AEE7ADFD}.Release|iPhoneSimulator.ActiveCfg = Release|Any CPU
		{CB0A3CF6-6C2A-4EDE-BB1F-60E6AEE7ADFD}.Release|iPhoneSimulator.Build.0 = Release|Any CPU
		{CB0A3CF6-6C2A-4EDE-BB1F-60E6AEE7ADFD}.Release|x64.ActiveCfg = Release|Any CPU
		{CB0A3CF6-6C2A-4EDE-BB1F-60E6AEE7ADFD}.Release|x64.Build.0 = Release|Any CPU
		{CB0A3CF6-6C2A-4EDE-BB1F-60E6AEE7ADFD}.Release|x86.ActiveCfg = Release|Any CPU
		{CB0A3CF6-6C2A-4EDE-BB1F-60E6AEE7ADFD}.Release|x86.Build.0 = Release|Any CPU
		{02BBEBE8-F1F9-452D-9F12-0A109274C1C4}.Ad-Hoc|Any CPU.ActiveCfg = Release|Any CPU
		{02BBEBE8-F1F9-452D-9F12-0A109274C1C4}.Ad-Hoc|Any CPU.Build.0 = Release|Any CPU
		{02BBEBE8-F1F9-452D-9F12-0A109274C1C4}.Ad-Hoc|ARM.ActiveCfg = Release|Any CPU
		{02BBEBE8-F1F9-452D-9F12-0A109274C1C4}.Ad-Hoc|ARM.Build.0 = Release|Any CPU
		{02BBEBE8-F1F9-452D-9F12-0A109274C1C4}.Ad-Hoc|ARM64.ActiveCfg = Release|Any CPU
		{02BBEBE8-F1F9-452D-9F12-0A109274C1C4}.Ad-Hoc|ARM64.Build.0 = Release|Any CPU
		{02BBEBE8-F1F9-452D-9F12-0A109274C1C4}.Ad-Hoc|iPhone.ActiveCfg = Release|Any CPU
		{02BBEBE8-F1F9-452D-9F12-0A109274C1C4}.Ad-Hoc|iPhone.Build.0 = Release|Any CPU
		{02BBEBE8-F1F9-452D-9F12-0A109274C1C4}.Ad-Hoc|iPhoneSimulator.ActiveCfg = Release|Any CPU
		{02BBEBE8-F1F9-452D-9F12-0A109274C1C4}.Ad-Hoc|iPhoneSimulator.Build.0 = Release|Any CPU
		{02BBEBE8-F1F9-452D-9F12-0A109274C1C4}.Ad-Hoc|x64.ActiveCfg = Release|Any CPU
		{02BBEBE8-F1F9-452D-9F12-0A109274C1C4}.Ad-Hoc|x64.Build.0 = Release|Any CPU
		{02BBEBE8-F1F9-452D-9F12-0A109274C1C4}.Ad-Hoc|x86.ActiveCfg = Release|Any CPU
		{02BBEBE8-F1F9-452D-9F12-0A109274C1C4}.Ad-Hoc|x86.Build.0 = Release|Any CPU
		{02BBEBE8-F1F9-452D-9F12-0A109274C1C4}.AppStore|Any CPU.ActiveCfg = Release|Any CPU
		{02BBEBE8-F1F9-452D-9F12-0A109274C1C4}.AppStore|Any CPU.Build.0 = Release|Any CPU
		{02BBEBE8-F1F9-452D-9F12-0A109274C1C4}.AppStore|ARM.ActiveCfg = Release|Any CPU
		{02BBEBE8-F1F9-452D-9F12-0A109274C1C4}.AppStore|ARM.Build.0 = Release|Any CPU
		{02BBEBE8-F1F9-452D-9F12-0A109274C1C4}.AppStore|ARM64.ActiveCfg = Release|Any CPU
		{02BBEBE8-F1F9-452D-9F12-0A109274C1C4}.AppStore|ARM64.Build.0 = Release|Any CPU
		{02BBEBE8-F1F9-452D-9F12-0A109274C1C4}.AppStore|iPhone.ActiveCfg = Release|Any CPU
		{02BBEBE8-F1F9-452D-9F12-0A109274C1C4}.AppStore|iPhone.Build.0 = Release|Any CPU
		{02BBEBE8-F1F9-452D-9F12-0A109274C1C4}.AppStore|iPhoneSimulator.ActiveCfg = Release|Any CPU
		{02BBEBE8-F1F9-452D-9F12-0A109274C1C4}.AppStore|iPhoneSimulator.Build.0 = Release|Any CPU
		{02BBEBE8-F1F9-452D-9F12-0A109274C1C4}.AppStore|x64.ActiveCfg = Release|Any CPU
		{02BBEBE8-F1F9-452D-9F12-0A109274C1C4}.AppStore|x64.Build.0 = Release|Any CPU
		{02BBEBE8-F1F9-452D-9F12-0A109274C1C4}.AppStore|x86.ActiveCfg = Release|Any CPU
		{02BBEBE8-F1F9-452D-9F12-0A109274C1C4}.AppStore|x86.Build.0 = Release|Any CPU
		{02BBEBE8-F1F9-452D-9F12-0A109274C1C4}.Debug|Any CPU.ActiveCfg = Debug|Any CPU
		{02BBEBE8-F1F9-452D-9F12-0A109274C1C4}.Debug|Any CPU.Build.0 = Debug|Any CPU
		{02BBEBE8-F1F9-452D-9F12-0A109274C1C4}.Debug|ARM.ActiveCfg = Debug|Any CPU
		{02BBEBE8-F1F9-452D-9F12-0A109274C1C4}.Debug|ARM.Build.0 = Debug|Any CPU
		{02BBEBE8-F1F9-452D-9F12-0A109274C1C4}.Debug|ARM64.ActiveCfg = Debug|Any CPU
		{02BBEBE8-F1F9-452D-9F12-0A109274C1C4}.Debug|ARM64.Build.0 = Debug|Any CPU
		{02BBEBE8-F1F9-452D-9F12-0A109274C1C4}.Debug|iPhone.ActiveCfg = Debug|Any CPU
		{02BBEBE8-F1F9-452D-9F12-0A109274C1C4}.Debug|iPhone.Build.0 = Debug|Any CPU
		{02BBEBE8-F1F9-452D-9F12-0A109274C1C4}.Debug|iPhoneSimulator.ActiveCfg = Debug|Any CPU
		{02BBEBE8-F1F9-452D-9F12-0A109274C1C4}.Debug|iPhoneSimulator.Build.0 = Debug|Any CPU
		{02BBEBE8-F1F9-452D-9F12-0A109274C1C4}.Debug|x64.ActiveCfg = Debug|Any CPU
		{02BBEBE8-F1F9-452D-9F12-0A109274C1C4}.Debug|x64.Build.0 = Debug|Any CPU
		{02BBEBE8-F1F9-452D-9F12-0A109274C1C4}.Debug|x86.ActiveCfg = Debug|Any CPU
		{02BBEBE8-F1F9-452D-9F12-0A109274C1C4}.Debug|x86.Build.0 = Debug|Any CPU
		{02BBEBE8-F1F9-452D-9F12-0A109274C1C4}.Release|Any CPU.ActiveCfg = Release|Any CPU
		{02BBEBE8-F1F9-452D-9F12-0A109274C1C4}.Release|Any CPU.Build.0 = Release|Any CPU
		{02BBEBE8-F1F9-452D-9F12-0A109274C1C4}.Release|ARM.ActiveCfg = Release|Any CPU
		{02BBEBE8-F1F9-452D-9F12-0A109274C1C4}.Release|ARM.Build.0 = Release|Any CPU
		{02BBEBE8-F1F9-452D-9F12-0A109274C1C4}.Release|ARM64.ActiveCfg = Release|Any CPU
		{02BBEBE8-F1F9-452D-9F12-0A109274C1C4}.Release|ARM64.Build.0 = Release|Any CPU
		{02BBEBE8-F1F9-452D-9F12-0A109274C1C4}.Release|iPhone.ActiveCfg = Release|Any CPU
		{02BBEBE8-F1F9-452D-9F12-0A109274C1C4}.Release|iPhone.Build.0 = Release|Any CPU
		{02BBEBE8-F1F9-452D-9F12-0A109274C1C4}.Release|iPhoneSimulator.ActiveCfg = Release|Any CPU
		{02BBEBE8-F1F9-452D-9F12-0A109274C1C4}.Release|iPhoneSimulator.Build.0 = Release|Any CPU
		{02BBEBE8-F1F9-452D-9F12-0A109274C1C4}.Release|x64.ActiveCfg = Release|Any CPU
		{02BBEBE8-F1F9-452D-9F12-0A109274C1C4}.Release|x64.Build.0 = Release|Any CPU
		{02BBEBE8-F1F9-452D-9F12-0A109274C1C4}.Release|x86.ActiveCfg = Release|Any CPU
		{02BBEBE8-F1F9-452D-9F12-0A109274C1C4}.Release|x86.Build.0 = Release|Any CPU
		{47265FCA-EF92-4E06-B852-9F81184B1D09}.Ad-Hoc|Any CPU.ActiveCfg = Debug|Any CPU
		{47265FCA-EF92-4E06-B852-9F81184B1D09}.Ad-Hoc|Any CPU.Build.0 = Debug|Any CPU
		{47265FCA-EF92-4E06-B852-9F81184B1D09}.Ad-Hoc|ARM.ActiveCfg = Debug|Any CPU
		{47265FCA-EF92-4E06-B852-9F81184B1D09}.Ad-Hoc|ARM.Build.0 = Debug|Any CPU
		{47265FCA-EF92-4E06-B852-9F81184B1D09}.Ad-Hoc|ARM64.ActiveCfg = Debug|Any CPU
		{47265FCA-EF92-4E06-B852-9F81184B1D09}.Ad-Hoc|ARM64.Build.0 = Debug|Any CPU
		{47265FCA-EF92-4E06-B852-9F81184B1D09}.Ad-Hoc|iPhone.ActiveCfg = Debug|Any CPU
		{47265FCA-EF92-4E06-B852-9F81184B1D09}.Ad-Hoc|iPhone.Build.0 = Debug|Any CPU
		{47265FCA-EF92-4E06-B852-9F81184B1D09}.Ad-Hoc|iPhoneSimulator.ActiveCfg = Debug|Any CPU
		{47265FCA-EF92-4E06-B852-9F81184B1D09}.Ad-Hoc|iPhoneSimulator.Build.0 = Debug|Any CPU
		{47265FCA-EF92-4E06-B852-9F81184B1D09}.Ad-Hoc|x64.ActiveCfg = Debug|Any CPU
		{47265FCA-EF92-4E06-B852-9F81184B1D09}.Ad-Hoc|x64.Build.0 = Debug|Any CPU
		{47265FCA-EF92-4E06-B852-9F81184B1D09}.Ad-Hoc|x86.ActiveCfg = Debug|Any CPU
		{47265FCA-EF92-4E06-B852-9F81184B1D09}.Ad-Hoc|x86.Build.0 = Debug|Any CPU
		{47265FCA-EF92-4E06-B852-9F81184B1D09}.AppStore|Any CPU.ActiveCfg = Debug|Any CPU
		{47265FCA-EF92-4E06-B852-9F81184B1D09}.AppStore|Any CPU.Build.0 = Debug|Any CPU
		{47265FCA-EF92-4E06-B852-9F81184B1D09}.AppStore|ARM.ActiveCfg = Debug|Any CPU
		{47265FCA-EF92-4E06-B852-9F81184B1D09}.AppStore|ARM.Build.0 = Debug|Any CPU
		{47265FCA-EF92-4E06-B852-9F81184B1D09}.AppStore|ARM64.ActiveCfg = Debug|Any CPU
		{47265FCA-EF92-4E06-B852-9F81184B1D09}.AppStore|ARM64.Build.0 = Debug|Any CPU
		{47265FCA-EF92-4E06-B852-9F81184B1D09}.AppStore|iPhone.ActiveCfg = Debug|Any CPU
		{47265FCA-EF92-4E06-B852-9F81184B1D09}.AppStore|iPhone.Build.0 = Debug|Any CPU
		{47265FCA-EF92-4E06-B852-9F81184B1D09}.AppStore|iPhoneSimulator.ActiveCfg = Debug|Any CPU
		{47265FCA-EF92-4E06-B852-9F81184B1D09}.AppStore|iPhoneSimulator.Build.0 = Debug|Any CPU
		{47265FCA-EF92-4E06-B852-9F81184B1D09}.AppStore|x64.ActiveCfg = Debug|Any CPU
		{47265FCA-EF92-4E06-B852-9F81184B1D09}.AppStore|x64.Build.0 = Debug|Any CPU
		{47265FCA-EF92-4E06-B852-9F81184B1D09}.AppStore|x86.ActiveCfg = Debug|Any CPU
		{47265FCA-EF92-4E06-B852-9F81184B1D09}.AppStore|x86.Build.0 = Debug|Any CPU
		{47265FCA-EF92-4E06-B852-9F81184B1D09}.Debug|Any CPU.ActiveCfg = Debug|Any CPU
		{47265FCA-EF92-4E06-B852-9F81184B1D09}.Debug|Any CPU.Build.0 = Debug|Any CPU
		{47265FCA-EF92-4E06-B852-9F81184B1D09}.Debug|ARM.ActiveCfg = Debug|Any CPU
		{47265FCA-EF92-4E06-B852-9F81184B1D09}.Debug|ARM.Build.0 = Debug|Any CPU
		{47265FCA-EF92-4E06-B852-9F81184B1D09}.Debug|ARM64.ActiveCfg = Debug|Any CPU
		{47265FCA-EF92-4E06-B852-9F81184B1D09}.Debug|ARM64.Build.0 = Debug|Any CPU
		{47265FCA-EF92-4E06-B852-9F81184B1D09}.Debug|iPhone.ActiveCfg = Debug|Any CPU
		{47265FCA-EF92-4E06-B852-9F81184B1D09}.Debug|iPhone.Build.0 = Debug|Any CPU
		{47265FCA-EF92-4E06-B852-9F81184B1D09}.Debug|iPhoneSimulator.ActiveCfg = Debug|Any CPU
		{47265FCA-EF92-4E06-B852-9F81184B1D09}.Debug|iPhoneSimulator.Build.0 = Debug|Any CPU
		{47265FCA-EF92-4E06-B852-9F81184B1D09}.Debug|x64.ActiveCfg = Debug|Any CPU
		{47265FCA-EF92-4E06-B852-9F81184B1D09}.Debug|x64.Build.0 = Debug|Any CPU
		{47265FCA-EF92-4E06-B852-9F81184B1D09}.Debug|x86.ActiveCfg = Debug|Any CPU
		{47265FCA-EF92-4E06-B852-9F81184B1D09}.Debug|x86.Build.0 = Debug|Any CPU
		{47265FCA-EF92-4E06-B852-9F81184B1D09}.Release|Any CPU.ActiveCfg = Release|Any CPU
		{47265FCA-EF92-4E06-B852-9F81184B1D09}.Release|Any CPU.Build.0 = Release|Any CPU
		{47265FCA-EF92-4E06-B852-9F81184B1D09}.Release|ARM.ActiveCfg = Release|Any CPU
		{47265FCA-EF92-4E06-B852-9F81184B1D09}.Release|ARM.Build.0 = Release|Any CPU
		{47265FCA-EF92-4E06-B852-9F81184B1D09}.Release|ARM64.ActiveCfg = Release|Any CPU
		{47265FCA-EF92-4E06-B852-9F81184B1D09}.Release|ARM64.Build.0 = Release|Any CPU
		{47265FCA-EF92-4E06-B852-9F81184B1D09}.Release|iPhone.ActiveCfg = Release|Any CPU
		{47265FCA-EF92-4E06-B852-9F81184B1D09}.Release|iPhone.Build.0 = Release|Any CPU
		{47265FCA-EF92-4E06-B852-9F81184B1D09}.Release|iPhoneSimulator.ActiveCfg = Release|Any CPU
		{47265FCA-EF92-4E06-B852-9F81184B1D09}.Release|iPhoneSimulator.Build.0 = Release|Any CPU
		{47265FCA-EF92-4E06-B852-9F81184B1D09}.Release|x64.ActiveCfg = Release|Any CPU
		{47265FCA-EF92-4E06-B852-9F81184B1D09}.Release|x64.Build.0 = Release|Any CPU
		{47265FCA-EF92-4E06-B852-9F81184B1D09}.Release|x86.ActiveCfg = Release|Any CPU
		{47265FCA-EF92-4E06-B852-9F81184B1D09}.Release|x86.Build.0 = Release|Any CPU
	EndGlobalSection
	GlobalSection(SolutionProperties) = preSolution
		HideSolutionNode = FALSE
	EndGlobalSection
	GlobalSection(ExtensibilityGlobals) = postSolution
		SolutionGuid = {C19BDAF4-7A3D-49AF-81C9-79B3DEC69588}
	EndGlobalSection
EndGlobal
